// !$*UTF8*$!
{
	archiveVersion = 1;
	classes = {
	};
	objectVersion = 55;
	objects = {

/* Begin PBXBuildFile section */
		0DD1631A27311F0200DC5970 /* DateCell.swift in Sources */ = {isa = PBXBuildFile; fileRef = 0DD1631927311F0200DC5970 /* DateCell.swift */; };
		0DD1631C27312AC700DC5970 /* DateHeader.swift in Sources */ = {isa = PBXBuildFile; fileRef = 0DD1631B27312AC700DC5970 /* DateHeader.swift */; };
		14FCD60B27311CF600626E74 /* RoutineCell.swift in Sources */ = {isa = PBXBuildFile; fileRef = 14FCD60A27311CF600626E74 /* RoutineCell.swift */; };
		44AAA2B5272FDF8B002E16C4 /* AppDelegate.swift in Sources */ = {isa = PBXBuildFile; fileRef = 44AAA2B4272FDF8B002E16C4 /* AppDelegate.swift */; };
		44AAA2B7272FDF8B002E16C4 /* SceneDelegate.swift in Sources */ = {isa = PBXBuildFile; fileRef = 44AAA2B6272FDF8B002E16C4 /* SceneDelegate.swift */; };
		44AAA2B9272FDF8B002E16C4 /* HomeViewController.swift in Sources */ = {isa = PBXBuildFile; fileRef = 44AAA2B8272FDF8B002E16C4 /* HomeViewController.swift */; };
		44AAA2BE272FDF8F002E16C4 /* Assets.xcassets in Resources */ = {isa = PBXBuildFile; fileRef = 44AAA2BD272FDF8F002E16C4 /* Assets.xcassets */; };
		44AAA2C1272FDF8F002E16C4 /* LaunchScreen.storyboard in Resources */ = {isa = PBXBuildFile; fileRef = 44AAA2BF272FDF8F002E16C4 /* LaunchScreen.storyboard */; };
		44AAA2CA272FE13D002E16C4 /* .swiftlint.yml in Resources */ = {isa = PBXBuildFile; fileRef = 44AAA2C9272FE13D002E16C4 /* .swiftlint.yml */; };
		44AAA2F827311D3F002E16C4 /* RoutinusNetwork.h in Headers */ = {isa = PBXBuildFile; fileRef = 44AAA2F727311D3F002E16C4 /* RoutinusNetwork.h */; settings = {ATTRIBUTES = (Public, ); }; };
		44AAA2FB27311D3F002E16C4 /* RoutinusNetwork.framework in Frameworks */ = {isa = PBXBuildFile; fileRef = 44AAA2F527311D3E002E16C4 /* RoutinusNetwork.framework */; };
		44AAA2FC27311D3F002E16C4 /* RoutinusNetwork.framework in Embed Frameworks */ = {isa = PBXBuildFile; fileRef = 44AAA2F527311D3E002E16C4 /* RoutinusNetwork.framework */; settings = {ATTRIBUTES = (CodeSignOnCopy, RemoveHeadersOnCopy, ); }; };
		44AAA30227311DDD002E16C4 /* RoutinusNetwork.swift in Sources */ = {isa = PBXBuildFile; fileRef = 44AAA30127311DDD002E16C4 /* RoutinusNetwork.swift */; };
		44AAA30C2731ADE5002E16C4 /* GoogleService-Info.plist in Resources */ = {isa = PBXBuildFile; fileRef = 44AAA30B2731ADE5002E16C4 /* GoogleService-Info.plist */; };
		44AAA3102732226B002E16C4 /* FirebaseFirestore in Frameworks */ = {isa = PBXBuildFile; productRef = 44AAA30F2732226B002E16C4 /* FirebaseFirestore */; };
		44AAA3172732660D002E16C4 /* UserDTO.swift in Sources */ = {isa = PBXBuildFile; fileRef = 44AAA3162732660D002E16C4 /* UserDTO.swift */; };
		44AAA31927326870002E16C4 /* TodayRoutineDTO.swift in Sources */ = {isa = PBXBuildFile; fileRef = 44AAA31827326870002E16C4 /* TodayRoutineDTO.swift */; };
		44AAA31B27327D07002E16C4 /* AchievementInfoDTO.swift in Sources */ = {isa = PBXBuildFile; fileRef = 44AAA31A27327D06002E16C4 /* AchievementInfoDTO.swift */; };
		44AAA3212732A049002E16C4 /* JTAppleCalendar in Frameworks */ = {isa = PBXBuildFile; productRef = 44AAA3202732A049002E16C4 /* JTAppleCalendar */; };
		8956F624DD102BDACEAB1C4F /* Pods_Routinus.framework in Frameworks */ = {isa = PBXBuildFile; fileRef = 5BC6FF3CC2926D6BD45C0ED2 /* Pods_Routinus.framework */; };
		E9753900273220F6004358C5 /* UserInfo.swift in Sources */ = {isa = PBXBuildFile; fileRef = E97538FF273220F6004358C5 /* UserInfo.swift */; };
		E97539022732210C004358C5 /* ChllangeInfo.swift in Sources */ = {isa = PBXBuildFile; fileRef = E97539012732210C004358C5 /* ChllangeInfo.swift */; };
		E975390627325538004358C5 /* ArchievementInfo.swift in Sources */ = {isa = PBXBuildFile; fileRef = E975390527325538004358C5 /* ArchievementInfo.swift */; };
		E9753909273257E5004358C5 /* HomeFetchUsecase.swift in Sources */ = {isa = PBXBuildFile; fileRef = E9753908273257E5004358C5 /* HomeFetchUsecase.swift */; };
		E9797CA02730FF9C00A14A0F /* Coordinator.swift in Sources */ = {isa = PBXBuildFile; fileRef = E9797C9F2730FF9C00A14A0F /* Coordinator.swift */; };
		E9797CA22730FFAD00A14A0F /* TabBarCoordinator.swift in Sources */ = {isa = PBXBuildFile; fileRef = E9797CA12730FFAD00A14A0F /* TabBarCoordinator.swift */; };
		E9797CA42730FFB500A14A0F /* AppCoordinator.swift in Sources */ = {isa = PBXBuildFile; fileRef = E9797CA32730FFB500A14A0F /* AppCoordinator.swift */; };
		E9797CA72731068300A14A0F /* ChallengeViewController.swift in Sources */ = {isa = PBXBuildFile; fileRef = E9797CA62731068300A14A0F /* ChallengeViewController.swift */; };
		E9797CAB2731073F00A14A0F /* MyPageViewController.swift in Sources */ = {isa = PBXBuildFile; fileRef = E9797CAA2731073F00A14A0F /* MyPageViewController.swift */; };
		E9797CAD2731074B00A14A0F /* ManageViewController.swift in Sources */ = {isa = PBXBuildFile; fileRef = E9797CAC2731074B00A14A0F /* ManageViewController.swift */; };
		E9797CB1273107A200A14A0F /* DetailViewController.swift in Sources */ = {isa = PBXBuildFile; fileRef = E9797CB0273107A200A14A0F /* DetailViewController.swift */; };
		E9797CB3273107BE00A14A0F /* CreateController.swift in Sources */ = {isa = PBXBuildFile; fileRef = E9797CB2273107BE00A14A0F /* CreateController.swift */; };
		E9797CB6273107F700A14A0F /* SearchViewController.swift in Sources */ = {isa = PBXBuildFile; fileRef = E9797CB5273107F700A14A0F /* SearchViewController.swift */; };
		E9797CB92731094900A14A0F /* AuthViewController.swift in Sources */ = {isa = PBXBuildFile; fileRef = E9797CB82731094900A14A0F /* AuthViewController.swift */; };
		E9797CBB27310E1000A14A0F /* ChallengeCoordinator.swift in Sources */ = {isa = PBXBuildFile; fileRef = E9797CBA27310E1000A14A0F /* ChallengeCoordinator.swift */; };
		E9797CBD27310E1900A14A0F /* HomeCoordinator.swift in Sources */ = {isa = PBXBuildFile; fileRef = E9797CBC27310E1900A14A0F /* HomeCoordinator.swift */; };
		E9797CBF27310E2A00A14A0F /* ManageCoordinator.swift in Sources */ = {isa = PBXBuildFile; fileRef = E9797CBE27310E2A00A14A0F /* ManageCoordinator.swift */; };
		E9797CC127310E3300A14A0F /* MyPageCoordinator.swift in Sources */ = {isa = PBXBuildFile; fileRef = E9797CC027310E3300A14A0F /* MyPageCoordinator.swift */; };
		E9797CC32731258A00A14A0F /* HomeViewModel.swift in Sources */ = {isa = PBXBuildFile; fileRef = E9797CC22731258A00A14A0F /* HomeViewModel.swift */; };
/* End PBXBuildFile section */

/* Begin PBXContainerItemProxy section */
		44AAA2F927311D3F002E16C4 /* PBXContainerItemProxy */ = {
			isa = PBXContainerItemProxy;
			containerPortal = 44AAA2A9272FDF8A002E16C4 /* Project object */;
			proxyType = 1;
			remoteGlobalIDString = 44AAA2F427311D3E002E16C4;
			remoteInfo = RoutinusNetwork;
		};
/* End PBXContainerItemProxy section */

/* Begin PBXCopyFilesBuildPhase section */
		44AAA2FD27311D3F002E16C4 /* Embed Frameworks */ = {
			isa = PBXCopyFilesBuildPhase;
			buildActionMask = 2147483647;
			dstPath = "";
			dstSubfolderSpec = 10;
			files = (
				44AAA2FC27311D3F002E16C4 /* RoutinusNetwork.framework in Embed Frameworks */,
			);
			name = "Embed Frameworks";
			runOnlyForDeploymentPostprocessing = 0;
		};
/* End PBXCopyFilesBuildPhase section */

/* Begin PBXFileReference section */
		0DD1631927311F0200DC5970 /* DateCell.swift */ = {isa = PBXFileReference; lastKnownFileType = sourcecode.swift; path = DateCell.swift; sourceTree = "<group>"; };
		0DD1631B27312AC700DC5970 /* DateHeader.swift */ = {isa = PBXFileReference; lastKnownFileType = sourcecode.swift; path = DateHeader.swift; sourceTree = "<group>"; };
		14FCD60A27311CF600626E74 /* RoutineCell.swift */ = {isa = PBXFileReference; lastKnownFileType = sourcecode.swift; path = RoutineCell.swift; sourceTree = "<group>"; };
		21D4AB5FB6AB0717E5C7402C /* Pods-Routinus.release.xcconfig */ = {isa = PBXFileReference; includeInIndex = 1; lastKnownFileType = text.xcconfig; name = "Pods-Routinus.release.xcconfig"; path = "Target Support Files/Pods-Routinus/Pods-Routinus.release.xcconfig"; sourceTree = "<group>"; };
		2813D98BB29BFEBCA9A154AE /* Pods-Routinus.debug.xcconfig */ = {isa = PBXFileReference; includeInIndex = 1; lastKnownFileType = text.xcconfig; name = "Pods-Routinus.debug.xcconfig"; path = "Target Support Files/Pods-Routinus/Pods-Routinus.debug.xcconfig"; sourceTree = "<group>"; };
		44AAA2B1272FDF8B002E16C4 /* Routinus.app */ = {isa = PBXFileReference; explicitFileType = wrapper.application; includeInIndex = 0; path = Routinus.app; sourceTree = BUILT_PRODUCTS_DIR; };
		44AAA2B4272FDF8B002E16C4 /* AppDelegate.swift */ = {isa = PBXFileReference; lastKnownFileType = sourcecode.swift; path = AppDelegate.swift; sourceTree = "<group>"; };
		44AAA2B6272FDF8B002E16C4 /* SceneDelegate.swift */ = {isa = PBXFileReference; lastKnownFileType = sourcecode.swift; path = SceneDelegate.swift; sourceTree = "<group>"; };
		44AAA2B8272FDF8B002E16C4 /* HomeViewController.swift */ = {isa = PBXFileReference; lastKnownFileType = sourcecode.swift; path = HomeViewController.swift; sourceTree = "<group>"; };
		44AAA2BD272FDF8F002E16C4 /* Assets.xcassets */ = {isa = PBXFileReference; lastKnownFileType = folder.assetcatalog; path = Assets.xcassets; sourceTree = "<group>"; };
		44AAA2C0272FDF8F002E16C4 /* Base */ = {isa = PBXFileReference; lastKnownFileType = file.storyboard; name = Base; path = Base.lproj/LaunchScreen.storyboard; sourceTree = "<group>"; };
		44AAA2C2272FDF8F002E16C4 /* Info.plist */ = {isa = PBXFileReference; lastKnownFileType = text.plist.xml; path = Info.plist; sourceTree = "<group>"; };
		44AAA2C9272FE13D002E16C4 /* .swiftlint.yml */ = {isa = PBXFileReference; lastKnownFileType = text.yaml; path = .swiftlint.yml; sourceTree = "<group>"; };
		44AAA2F527311D3E002E16C4 /* RoutinusNetwork.framework */ = {isa = PBXFileReference; explicitFileType = wrapper.framework; includeInIndex = 0; path = RoutinusNetwork.framework; sourceTree = BUILT_PRODUCTS_DIR; };
		44AAA2F727311D3F002E16C4 /* RoutinusNetwork.h */ = {isa = PBXFileReference; lastKnownFileType = sourcecode.c.h; path = RoutinusNetwork.h; sourceTree = "<group>"; };
		44AAA30127311DDD002E16C4 /* RoutinusNetwork.swift */ = {isa = PBXFileReference; lastKnownFileType = sourcecode.swift; path = RoutinusNetwork.swift; sourceTree = "<group>"; };
		44AAA30B2731ADE5002E16C4 /* GoogleService-Info.plist */ = {isa = PBXFileReference; fileEncoding = 4; lastKnownFileType = text.plist.xml; path = "GoogleService-Info.plist"; sourceTree = "<group>"; };
		44AAA30D27322158002E16C4 /* RoutinusNetwork.debug.xcconfig */ = {isa = PBXFileReference; lastKnownFileType = text.xcconfig; path = RoutinusNetwork.debug.xcconfig; sourceTree = "<group>"; };
		44AAA30E27322192002E16C4 /* RoutinusNetwork.release.xcconfig */ = {isa = PBXFileReference; lastKnownFileType = text.xcconfig; path = RoutinusNetwork.release.xcconfig; sourceTree = "<group>"; };
		44AAA3162732660D002E16C4 /* UserDTO.swift */ = {isa = PBXFileReference; lastKnownFileType = sourcecode.swift; path = UserDTO.swift; sourceTree = "<group>"; };
		44AAA31827326870002E16C4 /* TodayRoutineDTO.swift */ = {isa = PBXFileReference; lastKnownFileType = sourcecode.swift; path = TodayRoutineDTO.swift; sourceTree = "<group>"; };
		44AAA31A27327D06002E16C4 /* AchievementInfoDTO.swift */ = {isa = PBXFileReference; lastKnownFileType = sourcecode.swift; path = AchievementInfoDTO.swift; sourceTree = "<group>"; };
		5BC6FF3CC2926D6BD45C0ED2 /* Pods_Routinus.framework */ = {isa = PBXFileReference; explicitFileType = wrapper.framework; includeInIndex = 0; path = Pods_Routinus.framework; sourceTree = BUILT_PRODUCTS_DIR; };
		E97538FF273220F6004358C5 /* UserInfo.swift */ = {isa = PBXFileReference; lastKnownFileType = sourcecode.swift; path = UserInfo.swift; sourceTree = "<group>"; };
		E97539012732210C004358C5 /* ChllangeInfo.swift */ = {isa = PBXFileReference; lastKnownFileType = sourcecode.swift; path = ChllangeInfo.swift; sourceTree = "<group>"; };
		E975390527325538004358C5 /* ArchievementInfo.swift */ = {isa = PBXFileReference; lastKnownFileType = sourcecode.swift; path = ArchievementInfo.swift; sourceTree = "<group>"; };
		E9753908273257E5004358C5 /* HomeFetchUsecase.swift */ = {isa = PBXFileReference; lastKnownFileType = sourcecode.swift; path = HomeFetchUsecase.swift; sourceTree = "<group>"; };
		E9797C9F2730FF9C00A14A0F /* Coordinator.swift */ = {isa = PBXFileReference; lastKnownFileType = sourcecode.swift; path = Coordinator.swift; sourceTree = "<group>"; };
		E9797CA12730FFAD00A14A0F /* TabBarCoordinator.swift */ = {isa = PBXFileReference; lastKnownFileType = sourcecode.swift; path = TabBarCoordinator.swift; sourceTree = "<group>"; };
		E9797CA32730FFB500A14A0F /* AppCoordinator.swift */ = {isa = PBXFileReference; lastKnownFileType = sourcecode.swift; path = AppCoordinator.swift; sourceTree = "<group>"; };
		E9797CA62731068300A14A0F /* ChallengeViewController.swift */ = {isa = PBXFileReference; lastKnownFileType = sourcecode.swift; path = ChallengeViewController.swift; sourceTree = "<group>"; };
		E9797CAA2731073F00A14A0F /* MyPageViewController.swift */ = {isa = PBXFileReference; lastKnownFileType = sourcecode.swift; path = MyPageViewController.swift; sourceTree = "<group>"; };
		E9797CAC2731074B00A14A0F /* ManageViewController.swift */ = {isa = PBXFileReference; lastKnownFileType = sourcecode.swift; path = ManageViewController.swift; sourceTree = "<group>"; };
		E9797CB0273107A200A14A0F /* DetailViewController.swift */ = {isa = PBXFileReference; lastKnownFileType = sourcecode.swift; path = DetailViewController.swift; sourceTree = "<group>"; };
		E9797CB2273107BE00A14A0F /* CreateController.swift */ = {isa = PBXFileReference; lastKnownFileType = sourcecode.swift; path = CreateController.swift; sourceTree = "<group>"; };
		E9797CB5273107F700A14A0F /* SearchViewController.swift */ = {isa = PBXFileReference; lastKnownFileType = sourcecode.swift; path = SearchViewController.swift; sourceTree = "<group>"; };
		E9797CB82731094900A14A0F /* AuthViewController.swift */ = {isa = PBXFileReference; lastKnownFileType = sourcecode.swift; path = AuthViewController.swift; sourceTree = "<group>"; };
		E9797CBA27310E1000A14A0F /* ChallengeCoordinator.swift */ = {isa = PBXFileReference; lastKnownFileType = sourcecode.swift; path = ChallengeCoordinator.swift; sourceTree = "<group>"; };
		E9797CBC27310E1900A14A0F /* HomeCoordinator.swift */ = {isa = PBXFileReference; lastKnownFileType = sourcecode.swift; path = HomeCoordinator.swift; sourceTree = "<group>"; };
		E9797CBE27310E2A00A14A0F /* ManageCoordinator.swift */ = {isa = PBXFileReference; lastKnownFileType = sourcecode.swift; path = ManageCoordinator.swift; sourceTree = "<group>"; };
		E9797CC027310E3300A14A0F /* MyPageCoordinator.swift */ = {isa = PBXFileReference; lastKnownFileType = sourcecode.swift; path = MyPageCoordinator.swift; sourceTree = "<group>"; };
		E9797CC22731258A00A14A0F /* HomeViewModel.swift */ = {isa = PBXFileReference; lastKnownFileType = sourcecode.swift; path = HomeViewModel.swift; sourceTree = "<group>"; };
/* End PBXFileReference section */

/* Begin PBXFrameworksBuildPhase section */
		44AAA2AE272FDF8B002E16C4 /* Frameworks */ = {
			isa = PBXFrameworksBuildPhase;
			buildActionMask = 2147483647;
			files = (
				44AAA2FB27311D3F002E16C4 /* RoutinusNetwork.framework in Frameworks */,
				44AAA3212732A049002E16C4 /* JTAppleCalendar in Frameworks */,
				8956F624DD102BDACEAB1C4F /* Pods_Routinus.framework in Frameworks */,
			);
			runOnlyForDeploymentPostprocessing = 0;
		};
		44AAA2F227311D3E002E16C4 /* Frameworks */ = {
			isa = PBXFrameworksBuildPhase;
			buildActionMask = 2147483647;
			files = (
				44AAA3102732226B002E16C4 /* FirebaseFirestore in Frameworks */,
			);
			runOnlyForDeploymentPostprocessing = 0;
		};
/* End PBXFrameworksBuildPhase section */

/* Begin PBXGroup section */
		0DD1631D27312ACA00DC5970 /* Calendar */ = {
			isa = PBXGroup;
			children = (
				0DD1631927311F0200DC5970 /* DateCell.swift */,
				0DD1631B27312AC700DC5970 /* DateHeader.swift */,
			);
			path = Calendar;
			sourceTree = "<group>";
		};
		44AAA2A8272FDF8A002E16C4 = {
			isa = PBXGroup;
			children = (
				44AAA2C9272FE13D002E16C4 /* .swiftlint.yml */,
				44AAA2B3272FDF8B002E16C4 /* Routinus */,
				44AAA2F627311D3F002E16C4 /* RoutinusNetwork */,
				44AAA2B2272FDF8B002E16C4 /* Products */,
				C6BC838A122CF798FF91016F /* Pods */,
				E3D71BDBA3D7EC43BE475984 /* Frameworks */,
			);
			sourceTree = "<group>";
		};
		44AAA2B2272FDF8B002E16C4 /* Products */ = {
			isa = PBXGroup;
			children = (
				44AAA2B1272FDF8B002E16C4 /* Routinus.app */,
				44AAA2F527311D3E002E16C4 /* RoutinusNetwork.framework */,
			);
			name = Products;
			sourceTree = "<group>";
		};
		44AAA2B3272FDF8B002E16C4 /* Routinus */ = {
			isa = PBXGroup;
			children = (
				E97538FD27321BD7004358C5 /* Domain */,
				E9797C9B2730F7BC00A14A0F /* Application */,
				E9797C9A2730F7A200A14A0F /* Presentation */,
				E9797C9C2730F86100A14A0F /* Resources */,
			);
			path = Routinus;
			sourceTree = "<group>";
		};
		44AAA2F627311D3F002E16C4 /* RoutinusNetwork */ = {
			isa = PBXGroup;
			children = (
				44AAA31427326601002E16C4 /* DTO */,
				44AAA30B2731ADE5002E16C4 /* GoogleService-Info.plist */,
				44AAA2F727311D3F002E16C4 /* RoutinusNetwork.h */,
				44AAA30127311DDD002E16C4 /* RoutinusNetwork.swift */,
				44AAA30D27322158002E16C4 /* RoutinusNetwork.debug.xcconfig */,
				44AAA30E27322192002E16C4 /* RoutinusNetwork.release.xcconfig */,
			);
			path = RoutinusNetwork;
			sourceTree = "<group>";
		};
		44AAA31427326601002E16C4 /* DTO */ = {
			isa = PBXGroup;
			children = (
				44AAA3162732660D002E16C4 /* UserDTO.swift */,
				44AAA31827326870002E16C4 /* TodayRoutineDTO.swift */,
				44AAA31A27327D06002E16C4 /* AchievementInfoDTO.swift */,
			);
			path = DTO;
			sourceTree = "<group>";
		};
		C6BC838A122CF798FF91016F /* Pods */ = {
			isa = PBXGroup;
			children = (
				2813D98BB29BFEBCA9A154AE /* Pods-Routinus.debug.xcconfig */,
				21D4AB5FB6AB0717E5C7402C /* Pods-Routinus.release.xcconfig */,
			);
			path = Pods;
			sourceTree = "<group>";
		};
		E3D71BDBA3D7EC43BE475984 /* Frameworks */ = {
			isa = PBXGroup;
			children = (
				5BC6FF3CC2926D6BD45C0ED2 /* Pods_Routinus.framework */,
			);
			name = Frameworks;
			sourceTree = "<group>";
		};
		E97538FD27321BD7004358C5 /* Domain */ = {
			isa = PBXGroup;
			children = (
				E97538FE27321BE1004358C5 /* Entity */,
				E975390727325674004358C5 /* Usecase */,
			);
			path = Domain;
			sourceTree = "<group>";
		};
		E97538FE27321BE1004358C5 /* Entity */ = {
			isa = PBXGroup;
			children = (
				E97538FF273220F6004358C5 /* UserInfo.swift */,
				E97539012732210C004358C5 /* ChllangeInfo.swift */,
				E975390527325538004358C5 /* ArchievementInfo.swift */,
			);
			path = Entity;
			sourceTree = "<group>";
		};
		E975390727325674004358C5 /* Usecase */ = {
			isa = PBXGroup;
			children = (
				E9753908273257E5004358C5 /* HomeFetchUsecase.swift */,
			);
			path = Usecase;
			sourceTree = "<group>";
		};
		E9797C9A2730F7A200A14A0F /* Presentation */ = {
			isa = PBXGroup;
			children = (
				44AAA2BF272FDF8F002E16C4 /* LaunchScreen.storyboard */,
				E9797C9D2730F89400A14A0F /* Home */,
				E9797CA52731066100A14A0F /* Challenge */,
				E9797CB4273107E100A14A0F /* Search */,
				E9797CAF2731078400A14A0F /* Detail */,
				E9797CAE2731077A00A14A0F /* Create */,
				E9797CB7273108EA00A14A0F /* Auth */,
				E9797CA92731072700A14A0F /* Manage */,
				E9797CA8273106E300A14A0F /* MyPage */,
			);
			path = Presentation;
			sourceTree = "<group>";
		};
		E9797C9B2730F7BC00A14A0F /* Application */ = {
			isa = PBXGroup;
			children = (
				E9797C9E2730FF9000A14A0F /* Coordinator */,
				44AAA2B4272FDF8B002E16C4 /* AppDelegate.swift */,
				44AAA2B6272FDF8B002E16C4 /* SceneDelegate.swift */,
			);
			path = Application;
			sourceTree = "<group>";
		};
		E9797C9C2730F86100A14A0F /* Resources */ = {
			isa = PBXGroup;
			children = (
				44AAA2BD272FDF8F002E16C4 /* Assets.xcassets */,
				44AAA2C2272FDF8F002E16C4 /* Info.plist */,
			);
			path = Resources;
			sourceTree = "<group>";
		};
		E9797C9D2730F89400A14A0F /* Home */ = {
			isa = PBXGroup;
			children = (
				0DD1631D27312ACA00DC5970 /* Calendar */,
				44AAA2B8272FDF8B002E16C4 /* HomeViewController.swift */,
				14FCD60A27311CF600626E74 /* RoutineCell.swift */,
				E9797CC22731258A00A14A0F /* HomeViewModel.swift */,
			);
			path = Home;
			sourceTree = "<group>";
		};
		E9797C9E2730FF9000A14A0F /* Coordinator */ = {
			isa = PBXGroup;
			children = (
				E9797C9F2730FF9C00A14A0F /* Coordinator.swift */,
				E9797CA32730FFB500A14A0F /* AppCoordinator.swift */,
				E9797CA12730FFAD00A14A0F /* TabBarCoordinator.swift */,
				E9797CBA27310E1000A14A0F /* ChallengeCoordinator.swift */,
				E9797CBC27310E1900A14A0F /* HomeCoordinator.swift */,
				E9797CBE27310E2A00A14A0F /* ManageCoordinator.swift */,
				E9797CC027310E3300A14A0F /* MyPageCoordinator.swift */,
			);
			path = Coordinator;
			sourceTree = "<group>";
		};
		E9797CA52731066100A14A0F /* Challenge */ = {
			isa = PBXGroup;
			children = (
				E9797CA62731068300A14A0F /* ChallengeViewController.swift */,
			);
			path = Challenge;
			sourceTree = "<group>";
		};
		E9797CA8273106E300A14A0F /* MyPage */ = {
			isa = PBXGroup;
			children = (
				E9797CAA2731073F00A14A0F /* MyPageViewController.swift */,
			);
			path = MyPage;
			sourceTree = "<group>";
		};
		E9797CA92731072700A14A0F /* Manage */ = {
			isa = PBXGroup;
			children = (
				E9797CAC2731074B00A14A0F /* ManageViewController.swift */,
			);
			path = Manage;
			sourceTree = "<group>";
		};
		E9797CAE2731077A00A14A0F /* Create */ = {
			isa = PBXGroup;
			children = (
				E9797CB2273107BE00A14A0F /* CreateController.swift */,
			);
			path = Create;
			sourceTree = "<group>";
		};
		E9797CAF2731078400A14A0F /* Detail */ = {
			isa = PBXGroup;
			children = (
				E9797CB0273107A200A14A0F /* DetailViewController.swift */,
			);
			path = Detail;
			sourceTree = "<group>";
		};
		E9797CB4273107E100A14A0F /* Search */ = {
			isa = PBXGroup;
			children = (
				E9797CB5273107F700A14A0F /* SearchViewController.swift */,
			);
			path = Search;
			sourceTree = "<group>";
		};
		E9797CB7273108EA00A14A0F /* Auth */ = {
			isa = PBXGroup;
			children = (
				E9797CB82731094900A14A0F /* AuthViewController.swift */,
			);
			path = Auth;
			sourceTree = "<group>";
		};
/* End PBXGroup section */

/* Begin PBXHeadersBuildPhase section */
		44AAA2F027311D3E002E16C4 /* Headers */ = {
			isa = PBXHeadersBuildPhase;
			buildActionMask = 2147483647;
			files = (
				44AAA2F827311D3F002E16C4 /* RoutinusNetwork.h in Headers */,
			);
			runOnlyForDeploymentPostprocessing = 0;
		};
/* End PBXHeadersBuildPhase section */

/* Begin PBXNativeTarget section */
		44AAA2B0272FDF8B002E16C4 /* Routinus */ = {
			isa = PBXNativeTarget;
			buildConfigurationList = 44AAA2C5272FDF8F002E16C4 /* Build configuration list for PBXNativeTarget "Routinus" */;
			buildPhases = (
				7923187567A085D739B80949 /* [CP] Check Pods Manifest.lock */,
				44AAA2AD272FDF8B002E16C4 /* Sources */,
				44AAA2AE272FDF8B002E16C4 /* Frameworks */,
				44AAA2AF272FDF8B002E16C4 /* Resources */,
				44AAA2C8272FE0E9002E16C4 /* ShellScript */,
				041F02304FB6C3345492FA1E /* [CP] Embed Pods Frameworks */,
				44AAA2FD27311D3F002E16C4 /* Embed Frameworks */,
			);
			buildRules = (
			);
			dependencies = (
				44AAA2FA27311D3F002E16C4 /* PBXTargetDependency */,
			);
			name = Routinus;
			packageProductDependencies = (
				44AAA3202732A049002E16C4 /* JTAppleCalendar */,
			);
			productName = Routinus;
			productReference = 44AAA2B1272FDF8B002E16C4 /* Routinus.app */;
			productType = "com.apple.product-type.application";
		};
		44AAA2F427311D3E002E16C4 /* RoutinusNetwork */ = {
			isa = PBXNativeTarget;
			buildConfigurationList = 44AAA30027311D3F002E16C4 /* Build configuration list for PBXNativeTarget "RoutinusNetwork" */;
			buildPhases = (
				44AAA2F027311D3E002E16C4 /* Headers */,
				44AAA2F127311D3E002E16C4 /* Sources */,
				44AAA2F227311D3E002E16C4 /* Frameworks */,
				44AAA2F327311D3E002E16C4 /* Resources */,
			);
			buildRules = (
			);
			dependencies = (
			);
			name = RoutinusNetwork;
			packageProductDependencies = (
				44AAA30F2732226B002E16C4 /* FirebaseFirestore */,
			);
			productName = RoutinusNetwork;
			productReference = 44AAA2F527311D3E002E16C4 /* RoutinusNetwork.framework */;
			productType = "com.apple.product-type.framework";
		};
/* End PBXNativeTarget section */

/* Begin PBXProject section */
		44AAA2A9272FDF8A002E16C4 /* Project object */ = {
			isa = PBXProject;
			attributes = {
				BuildIndependentTargetsInParallel = 1;
				LastSwiftUpdateCheck = 1310;
				LastUpgradeCheck = 1310;
				TargetAttributes = {
					44AAA2B0272FDF8B002E16C4 = {
						CreatedOnToolsVersion = 13.1;
					};
					44AAA2F427311D3E002E16C4 = {
						CreatedOnToolsVersion = 13.1;
						LastSwiftMigration = 1310;
					};
				};
			};
			buildConfigurationList = 44AAA2AC272FDF8A002E16C4 /* Build configuration list for PBXProject "Routinus" */;
			compatibilityVersion = "Xcode 13.0";
			developmentRegion = en;
			hasScannedForEncodings = 0;
			knownRegions = (
				en,
				Base,
			);
			mainGroup = 44AAA2A8272FDF8A002E16C4;
			packageReferences = (
				0DD1631627311ECA00DC5970 /* XCRemoteSwiftPackageReference "JTAppleCalendar" */,
				44AAA304273120EB002E16C4 /* XCRemoteSwiftPackageReference "firebase-ios-sdk" */,
			);
			productRefGroup = 44AAA2B2272FDF8B002E16C4 /* Products */;
			projectDirPath = "";
			projectRoot = "";
			targets = (
				44AAA2B0272FDF8B002E16C4 /* Routinus */,
				44AAA2F427311D3E002E16C4 /* RoutinusNetwork */,
			);
		};
/* End PBXProject section */

/* Begin PBXResourcesBuildPhase section */
		44AAA2AF272FDF8B002E16C4 /* Resources */ = {
			isa = PBXResourcesBuildPhase;
			buildActionMask = 2147483647;
			files = (
				44AAA2CA272FE13D002E16C4 /* .swiftlint.yml in Resources */,
				44AAA2C1272FDF8F002E16C4 /* LaunchScreen.storyboard in Resources */,
				44AAA2BE272FDF8F002E16C4 /* Assets.xcassets in Resources */,
			);
			runOnlyForDeploymentPostprocessing = 0;
		};
		44AAA2F327311D3E002E16C4 /* Resources */ = {
			isa = PBXResourcesBuildPhase;
			buildActionMask = 2147483647;
			files = (
				44AAA30C2731ADE5002E16C4 /* GoogleService-Info.plist in Resources */,
			);
			runOnlyForDeploymentPostprocessing = 0;
		};
/* End PBXResourcesBuildPhase section */

/* Begin PBXShellScriptBuildPhase section */
		041F02304FB6C3345492FA1E /* [CP] Embed Pods Frameworks */ = {
			isa = PBXShellScriptBuildPhase;
			buildActionMask = 2147483647;
			files = (
			);
			inputFileListPaths = (
				"${PODS_ROOT}/Target Support Files/Pods-Routinus/Pods-Routinus-frameworks-${CONFIGURATION}-input-files.xcfilelist",
			);
			name = "[CP] Embed Pods Frameworks";
			outputFileListPaths = (
				"${PODS_ROOT}/Target Support Files/Pods-Routinus/Pods-Routinus-frameworks-${CONFIGURATION}-output-files.xcfilelist",
			);
			runOnlyForDeploymentPostprocessing = 0;
			shellPath = /bin/sh;
			shellScript = "\"${PODS_ROOT}/Target Support Files/Pods-Routinus/Pods-Routinus-frameworks.sh\"\n";
			showEnvVarsInLog = 0;
		};
		44AAA2C8272FE0E9002E16C4 /* ShellScript */ = {
			isa = PBXShellScriptBuildPhase;
			buildActionMask = 2147483647;
			files = (
			);
			inputFileListPaths = (
			);
			inputPaths = (
			);
			outputFileListPaths = (
			);
			outputPaths = (
			);
			runOnlyForDeploymentPostprocessing = 0;
			shellPath = /bin/sh;
			shellScript = "${PODS_ROOT}/SwiftLint/swiftlint\n";
		};
		7923187567A085D739B80949 /* [CP] Check Pods Manifest.lock */ = {
			isa = PBXShellScriptBuildPhase;
			buildActionMask = 2147483647;
			files = (
			);
			inputFileListPaths = (
			);
			inputPaths = (
				"${PODS_PODFILE_DIR_PATH}/Podfile.lock",
				"${PODS_ROOT}/Manifest.lock",
			);
			name = "[CP] Check Pods Manifest.lock";
			outputFileListPaths = (
			);
			outputPaths = (
				"$(DERIVED_FILE_DIR)/Pods-Routinus-checkManifestLockResult.txt",
			);
			runOnlyForDeploymentPostprocessing = 0;
			shellPath = /bin/sh;
			shellScript = "diff \"${PODS_PODFILE_DIR_PATH}/Podfile.lock\" \"${PODS_ROOT}/Manifest.lock\" > /dev/null\nif [ $? != 0 ] ; then\n    # print error to STDERR\n    echo \"error: The sandbox is not in sync with the Podfile.lock. Run 'pod install' or update your CocoaPods installation.\" >&2\n    exit 1\nfi\n# This output is used by Xcode 'outputs' to avoid re-running this script phase.\necho \"SUCCESS\" > \"${SCRIPT_OUTPUT_FILE_0}\"\n";
			showEnvVarsInLog = 0;
		};
/* End PBXShellScriptBuildPhase section */

/* Begin PBXSourcesBuildPhase section */
		44AAA2AD272FDF8B002E16C4 /* Sources */ = {
			isa = PBXSourcesBuildPhase;
			buildActionMask = 2147483647;
			files = (
				0DD1631C27312AC700DC5970 /* DateHeader.swift in Sources */,
				E9753900273220F6004358C5 /* UserInfo.swift in Sources */,
				E9797CA42730FFB500A14A0F /* AppCoordinator.swift in Sources */,
				E9797CC32731258A00A14A0F /* HomeViewModel.swift in Sources */,
				E9753909273257E5004358C5 /* HomeFetchUsecase.swift in Sources */,
				E9797CA02730FF9C00A14A0F /* Coordinator.swift in Sources */,
				E975390627325538004358C5 /* ArchievementInfo.swift in Sources */,
				E9797CBD27310E1900A14A0F /* HomeCoordinator.swift in Sources */,
				44AAA2B9272FDF8B002E16C4 /* HomeViewController.swift in Sources */,
				E9797CC127310E3300A14A0F /* MyPageCoordinator.swift in Sources */,
				44AAA2B5272FDF8B002E16C4 /* AppDelegate.swift in Sources */,
				14FCD60B27311CF600626E74 /* RoutineCell.swift in Sources */,
				44AAA2B7272FDF8B002E16C4 /* SceneDelegate.swift in Sources */,
				0DD1631A27311F0200DC5970 /* DateCell.swift in Sources */,
				E9797CA72731068300A14A0F /* ChallengeViewController.swift in Sources */,
				E9797CB3273107BE00A14A0F /* CreateController.swift in Sources */,
				E9797CAD2731074B00A14A0F /* ManageViewController.swift in Sources */,
				E9797CA22730FFAD00A14A0F /* TabBarCoordinator.swift in Sources */,
				E9797CBB27310E1000A14A0F /* ChallengeCoordinator.swift in Sources */,
				E9797CB92731094900A14A0F /* AuthViewController.swift in Sources */,
				E9797CB1273107A200A14A0F /* DetailViewController.swift in Sources */,
				44AAA2B7272FDF8B002E16C4 /* SceneDelegate.swift in Sources */,
				E9797CB6273107F700A14A0F /* SearchViewController.swift in Sources */,
				E9797CAB2731073F00A14A0F /* MyPageViewController.swift in Sources */,
				E9797CBF27310E2A00A14A0F /* ManageCoordinator.swift in Sources */,
				E97539022732210C004358C5 /* ChllangeInfo.swift in Sources */,
			);
			runOnlyForDeploymentPostprocessing = 0;
		};
		44AAA2F127311D3E002E16C4 /* Sources */ = {
			isa = PBXSourcesBuildPhase;
			buildActionMask = 2147483647;
			files = (
				44AAA3172732660D002E16C4 /* UserDTO.swift in Sources */,
				44AAA30227311DDD002E16C4 /* RoutinusNetwork.swift in Sources */,
				44AAA31927326870002E16C4 /* TodayRoutineDTO.swift in Sources */,
				44AAA31B27327D07002E16C4 /* AchievementInfoDTO.swift in Sources */,
			);
			runOnlyForDeploymentPostprocessing = 0;
		};
/* End PBXSourcesBuildPhase section */

/* Begin PBXTargetDependency section */
		44AAA2FA27311D3F002E16C4 /* PBXTargetDependency */ = {
			isa = PBXTargetDependency;
			target = 44AAA2F427311D3E002E16C4 /* RoutinusNetwork */;
			targetProxy = 44AAA2F927311D3F002E16C4 /* PBXContainerItemProxy */;
		};
/* End PBXTargetDependency section */

/* Begin PBXVariantGroup section */
		44AAA2BF272FDF8F002E16C4 /* LaunchScreen.storyboard */ = {
			isa = PBXVariantGroup;
			children = (
				44AAA2C0272FDF8F002E16C4 /* Base */,
			);
			name = LaunchScreen.storyboard;
			sourceTree = "<group>";
		};
/* End PBXVariantGroup section */

/* Begin XCBuildConfiguration section */
		44AAA2C3272FDF8F002E16C4 /* Debug */ = {
			isa = XCBuildConfiguration;
			buildSettings = {
				ALWAYS_SEARCH_USER_PATHS = NO;
				CLANG_ANALYZER_NONNULL = YES;
				CLANG_ANALYZER_NUMBER_OBJECT_CONVERSION = YES_AGGRESSIVE;
				CLANG_CXX_LANGUAGE_STANDARD = "gnu++17";
				CLANG_CXX_LIBRARY = "libc++";
				CLANG_ENABLE_MODULES = YES;
				CLANG_ENABLE_OBJC_ARC = YES;
				CLANG_ENABLE_OBJC_WEAK = YES;
				CLANG_WARN_BLOCK_CAPTURE_AUTORELEASING = YES;
				CLANG_WARN_BOOL_CONVERSION = YES;
				CLANG_WARN_COMMA = YES;
				CLANG_WARN_CONSTANT_CONVERSION = YES;
				CLANG_WARN_DEPRECATED_OBJC_IMPLEMENTATIONS = YES;
				CLANG_WARN_DIRECT_OBJC_ISA_USAGE = YES_ERROR;
				CLANG_WARN_DOCUMENTATION_COMMENTS = YES;
				CLANG_WARN_EMPTY_BODY = YES;
				CLANG_WARN_ENUM_CONVERSION = YES;
				CLANG_WARN_INFINITE_RECURSION = YES;
				CLANG_WARN_INT_CONVERSION = YES;
				CLANG_WARN_NON_LITERAL_NULL_CONVERSION = YES;
				CLANG_WARN_OBJC_IMPLICIT_RETAIN_SELF = YES;
				CLANG_WARN_OBJC_LITERAL_CONVERSION = YES;
				CLANG_WARN_OBJC_ROOT_CLASS = YES_ERROR;
				CLANG_WARN_QUOTED_INCLUDE_IN_FRAMEWORK_HEADER = YES;
				CLANG_WARN_RANGE_LOOP_ANALYSIS = YES;
				CLANG_WARN_STRICT_PROTOTYPES = YES;
				CLANG_WARN_SUSPICIOUS_MOVE = YES;
				CLANG_WARN_UNGUARDED_AVAILABILITY = YES_AGGRESSIVE;
				CLANG_WARN_UNREACHABLE_CODE = YES;
				CLANG_WARN__DUPLICATE_METHOD_MATCH = YES;
				COPY_PHASE_STRIP = NO;
				DEBUG_INFORMATION_FORMAT = dwarf;
				ENABLE_STRICT_OBJC_MSGSEND = YES;
				ENABLE_TESTABILITY = YES;
				GCC_C_LANGUAGE_STANDARD = gnu11;
				GCC_DYNAMIC_NO_PIC = NO;
				GCC_NO_COMMON_BLOCKS = YES;
				GCC_OPTIMIZATION_LEVEL = 0;
				GCC_PREPROCESSOR_DEFINITIONS = (
					"DEBUG=1",
					"$(inherited)",
				);
				GCC_WARN_64_TO_32_BIT_CONVERSION = YES;
				GCC_WARN_ABOUT_RETURN_TYPE = YES_ERROR;
				GCC_WARN_UNDECLARED_SELECTOR = YES;
				GCC_WARN_UNINITIALIZED_AUTOS = YES_AGGRESSIVE;
				GCC_WARN_UNUSED_FUNCTION = YES;
				GCC_WARN_UNUSED_VARIABLE = YES;
				IPHONEOS_DEPLOYMENT_TARGET = 15.0;
				MTL_ENABLE_DEBUG_INFO = INCLUDE_SOURCE;
				MTL_FAST_MATH = YES;
				ONLY_ACTIVE_ARCH = YES;
				SDKROOT = iphoneos;
				SWIFT_ACTIVE_COMPILATION_CONDITIONS = DEBUG;
				SWIFT_OPTIMIZATION_LEVEL = "-Onone";
			};
			name = Debug;
		};
		44AAA2C4272FDF8F002E16C4 /* Release */ = {
			isa = XCBuildConfiguration;
			buildSettings = {
				ALWAYS_SEARCH_USER_PATHS = NO;
				CLANG_ANALYZER_NONNULL = YES;
				CLANG_ANALYZER_NUMBER_OBJECT_CONVERSION = YES_AGGRESSIVE;
				CLANG_CXX_LANGUAGE_STANDARD = "gnu++17";
				CLANG_CXX_LIBRARY = "libc++";
				CLANG_ENABLE_MODULES = YES;
				CLANG_ENABLE_OBJC_ARC = YES;
				CLANG_ENABLE_OBJC_WEAK = YES;
				CLANG_WARN_BLOCK_CAPTURE_AUTORELEASING = YES;
				CLANG_WARN_BOOL_CONVERSION = YES;
				CLANG_WARN_COMMA = YES;
				CLANG_WARN_CONSTANT_CONVERSION = YES;
				CLANG_WARN_DEPRECATED_OBJC_IMPLEMENTATIONS = YES;
				CLANG_WARN_DIRECT_OBJC_ISA_USAGE = YES_ERROR;
				CLANG_WARN_DOCUMENTATION_COMMENTS = YES;
				CLANG_WARN_EMPTY_BODY = YES;
				CLANG_WARN_ENUM_CONVERSION = YES;
				CLANG_WARN_INFINITE_RECURSION = YES;
				CLANG_WARN_INT_CONVERSION = YES;
				CLANG_WARN_NON_LITERAL_NULL_CONVERSION = YES;
				CLANG_WARN_OBJC_IMPLICIT_RETAIN_SELF = YES;
				CLANG_WARN_OBJC_LITERAL_CONVERSION = YES;
				CLANG_WARN_OBJC_ROOT_CLASS = YES_ERROR;
				CLANG_WARN_QUOTED_INCLUDE_IN_FRAMEWORK_HEADER = YES;
				CLANG_WARN_RANGE_LOOP_ANALYSIS = YES;
				CLANG_WARN_STRICT_PROTOTYPES = YES;
				CLANG_WARN_SUSPICIOUS_MOVE = YES;
				CLANG_WARN_UNGUARDED_AVAILABILITY = YES_AGGRESSIVE;
				CLANG_WARN_UNREACHABLE_CODE = YES;
				CLANG_WARN__DUPLICATE_METHOD_MATCH = YES;
				COPY_PHASE_STRIP = NO;
				DEBUG_INFORMATION_FORMAT = "dwarf-with-dsym";
				ENABLE_NS_ASSERTIONS = NO;
				ENABLE_STRICT_OBJC_MSGSEND = YES;
				GCC_C_LANGUAGE_STANDARD = gnu11;
				GCC_NO_COMMON_BLOCKS = YES;
				GCC_WARN_64_TO_32_BIT_CONVERSION = YES;
				GCC_WARN_ABOUT_RETURN_TYPE = YES_ERROR;
				GCC_WARN_UNDECLARED_SELECTOR = YES;
				GCC_WARN_UNINITIALIZED_AUTOS = YES_AGGRESSIVE;
				GCC_WARN_UNUSED_FUNCTION = YES;
				GCC_WARN_UNUSED_VARIABLE = YES;
				IPHONEOS_DEPLOYMENT_TARGET = 15.0;
				MTL_ENABLE_DEBUG_INFO = NO;
				MTL_FAST_MATH = YES;
				SDKROOT = iphoneos;
				SWIFT_COMPILATION_MODE = wholemodule;
				SWIFT_OPTIMIZATION_LEVEL = "-O";
				VALIDATE_PRODUCT = YES;
			};
			name = Release;
		};
		44AAA2C6272FDF8F002E16C4 /* Debug */ = {
			isa = XCBuildConfiguration;
			baseConfigurationReference = 2813D98BB29BFEBCA9A154AE /* Pods-Routinus.debug.xcconfig */;
			buildSettings = {
				ALWAYS_EMBED_SWIFT_STANDARD_LIBRARIES = YES;
				ASSETCATALOG_COMPILER_APPICON_NAME = AppIcon;
				ASSETCATALOG_COMPILER_GLOBAL_ACCENT_COLOR_NAME = AccentColor;
				CODE_SIGN_STYLE = Automatic;
				CURRENT_PROJECT_VERSION = 1;
				DEVELOPMENT_TEAM = B3PWYBKFUK;
				GENERATE_INFOPLIST_FILE = YES;
				INFOPLIST_FILE = Routinus/Resources/Info.plist;
				INFOPLIST_KEY_UIApplicationSupportsIndirectInputEvents = YES;
				INFOPLIST_KEY_UILaunchStoryboardName = LaunchScreen;
				INFOPLIST_KEY_UISupportedInterfaceOrientations_iPad = "UIInterfaceOrientationPortrait UIInterfaceOrientationPortraitUpsideDown UIInterfaceOrientationLandscapeLeft UIInterfaceOrientationLandscapeRight";
				INFOPLIST_KEY_UISupportedInterfaceOrientations_iPhone = "UIInterfaceOrientationPortrait UIInterfaceOrientationLandscapeLeft UIInterfaceOrientationLandscapeRight";
				LD_RUNPATH_SEARCH_PATHS = (
					"$(inherited)",
					"@executable_path/Frameworks",
				);
				MARKETING_VERSION = 1.0;
				PRODUCT_BUNDLE_IDENTIFIER = com.boostcamp.ios03.Routinus;
				PRODUCT_NAME = "$(TARGET_NAME)";
				SWIFT_EMIT_LOC_STRINGS = YES;
				SWIFT_VERSION = 5.0;
				TARGETED_DEVICE_FAMILY = "1,2";
			};
			name = Debug;
		};
		44AAA2C7272FDF8F002E16C4 /* Release */ = {
			isa = XCBuildConfiguration;
			baseConfigurationReference = 21D4AB5FB6AB0717E5C7402C /* Pods-Routinus.release.xcconfig */;
			buildSettings = {
				ALWAYS_EMBED_SWIFT_STANDARD_LIBRARIES = YES;
				ASSETCATALOG_COMPILER_APPICON_NAME = AppIcon;
				ASSETCATALOG_COMPILER_GLOBAL_ACCENT_COLOR_NAME = AccentColor;
				CODE_SIGN_STYLE = Automatic;
				CURRENT_PROJECT_VERSION = 1;
				DEVELOPMENT_TEAM = B3PWYBKFUK;
				GENERATE_INFOPLIST_FILE = YES;
				INFOPLIST_FILE = Routinus/Resources/Info.plist;
				INFOPLIST_KEY_UIApplicationSupportsIndirectInputEvents = YES;
				INFOPLIST_KEY_UILaunchStoryboardName = LaunchScreen;
				INFOPLIST_KEY_UISupportedInterfaceOrientations_iPad = "UIInterfaceOrientationPortrait UIInterfaceOrientationPortraitUpsideDown UIInterfaceOrientationLandscapeLeft UIInterfaceOrientationLandscapeRight";
				INFOPLIST_KEY_UISupportedInterfaceOrientations_iPhone = "UIInterfaceOrientationPortrait UIInterfaceOrientationLandscapeLeft UIInterfaceOrientationLandscapeRight";
				LD_RUNPATH_SEARCH_PATHS = (
					"$(inherited)",
					"@executable_path/Frameworks",
				);
				MARKETING_VERSION = 1.0;
				PRODUCT_BUNDLE_IDENTIFIER = com.boostcamp.ios03.Routinus;
				PRODUCT_NAME = "$(TARGET_NAME)";
				SWIFT_EMIT_LOC_STRINGS = YES;
				SWIFT_VERSION = 5.0;
				TARGETED_DEVICE_FAMILY = "1,2";
			};
			name = Release;
		};
		44AAA2FE27311D3F002E16C4 /* Debug */ = {
			isa = XCBuildConfiguration;
			baseConfigurationReference = 44AAA30D27322158002E16C4 /* RoutinusNetwork.debug.xcconfig */;
			buildSettings = {
				CLANG_ENABLE_MODULES = YES;
				CODE_SIGN_STYLE = Automatic;
				CURRENT_PROJECT_VERSION = 1;
				DEFINES_MODULE = YES;
				DEVELOPMENT_TEAM = B3PWYBKFUK;
				DYLIB_COMPATIBILITY_VERSION = 1;
				DYLIB_CURRENT_VERSION = 1;
				DYLIB_INSTALL_NAME_BASE = "@rpath";
				GENERATE_INFOPLIST_FILE = YES;
				INFOPLIST_KEY_NSHumanReadableCopyright = "";
				INSTALL_PATH = "$(LOCAL_LIBRARY_DIR)/Frameworks";
				LD_RUNPATH_SEARCH_PATHS = (
					"$(inherited)",
					"@executable_path/Frameworks",
					"@loader_path/Frameworks",
				);
				MARKETING_VERSION = 1.0;
				PRODUCT_BUNDLE_IDENTIFIER = com.boostcamp.ios03.RoutinusNetwork;
				PRODUCT_NAME = "$(TARGET_NAME:c99extidentifier)";
				SKIP_INSTALL = YES;
				SUPPORTS_MACCATALYST = NO;
				SWIFT_EMIT_LOC_STRINGS = YES;
				SWIFT_OPTIMIZATION_LEVEL = "-Onone";
				SWIFT_VERSION = 5.0;
				TARGETED_DEVICE_FAMILY = "1,2";
				VERSIONING_SYSTEM = "apple-generic";
				VERSION_INFO_PREFIX = "";
			};
			name = Debug;
		};
		44AAA2FF27311D3F002E16C4 /* Release */ = {
			isa = XCBuildConfiguration;
			baseConfigurationReference = 44AAA30E27322192002E16C4 /* RoutinusNetwork.release.xcconfig */;
			buildSettings = {
				CLANG_ENABLE_MODULES = YES;
				CODE_SIGN_STYLE = Automatic;
				CURRENT_PROJECT_VERSION = 1;
				DEFINES_MODULE = YES;
				DEVELOPMENT_TEAM = B3PWYBKFUK;
				DYLIB_COMPATIBILITY_VERSION = 1;
				DYLIB_CURRENT_VERSION = 1;
				DYLIB_INSTALL_NAME_BASE = "@rpath";
				GENERATE_INFOPLIST_FILE = YES;
				INFOPLIST_KEY_NSHumanReadableCopyright = "";
				INSTALL_PATH = "$(LOCAL_LIBRARY_DIR)/Frameworks";
				LD_RUNPATH_SEARCH_PATHS = (
					"$(inherited)",
					"@executable_path/Frameworks",
					"@loader_path/Frameworks",
				);
				MARKETING_VERSION = 1.0;
				PRODUCT_BUNDLE_IDENTIFIER = com.boostcamp.ios03.RoutinusNetwork;
				PRODUCT_NAME = "$(TARGET_NAME:c99extidentifier)";
				SKIP_INSTALL = YES;
				SUPPORTS_MACCATALYST = NO;
				SWIFT_EMIT_LOC_STRINGS = YES;
				SWIFT_VERSION = 5.0;
				TARGETED_DEVICE_FAMILY = "1,2";
				VERSIONING_SYSTEM = "apple-generic";
				VERSION_INFO_PREFIX = "";
			};
			name = Release;
		};
/* End XCBuildConfiguration section */

/* Begin XCConfigurationList section */
		44AAA2AC272FDF8A002E16C4 /* Build configuration list for PBXProject "Routinus" */ = {
			isa = XCConfigurationList;
			buildConfigurations = (
				44AAA2C3272FDF8F002E16C4 /* Debug */,
				44AAA2C4272FDF8F002E16C4 /* Release */,
			);
			defaultConfigurationIsVisible = 0;
			defaultConfigurationName = Release;
		};
		44AAA2C5272FDF8F002E16C4 /* Build configuration list for PBXNativeTarget "Routinus" */ = {
			isa = XCConfigurationList;
			buildConfigurations = (
				44AAA2C6272FDF8F002E16C4 /* Debug */,
				44AAA2C7272FDF8F002E16C4 /* Release */,
			);
			defaultConfigurationIsVisible = 0;
			defaultConfigurationName = Release;
		};
		44AAA30027311D3F002E16C4 /* Build configuration list for PBXNativeTarget "RoutinusNetwork" */ = {
			isa = XCConfigurationList;
			buildConfigurations = (
				44AAA2FE27311D3F002E16C4 /* Debug */,
				44AAA2FF27311D3F002E16C4 /* Release */,
			);
			defaultConfigurationIsVisible = 0;
			defaultConfigurationName = Release;
		};
/* End XCConfigurationList section */

/* Begin XCRemoteSwiftPackageReference section */
		0DD1631627311ECA00DC5970 /* XCRemoteSwiftPackageReference "JTAppleCalendar" */ = {
			isa = XCRemoteSwiftPackageReference;
			repositoryURL = "https://github.com/patchthecode/JTAppleCalendar";
			requirement = {
				kind = upToNextMajorVersion;
				minimumVersion = 8.0.0;
			};
		};
		44AAA304273120EB002E16C4 /* XCRemoteSwiftPackageReference "firebase-ios-sdk" */ = {
			isa = XCRemoteSwiftPackageReference;
			repositoryURL = "https://github.com/firebase/firebase-ios-sdk.git";
			requirement = {
				kind = upToNextMajorVersion;
				minimumVersion = 8.0.0;
			};
		};
/* End XCRemoteSwiftPackageReference section */

/* Begin XCSwiftPackageProductDependency section */
		44AAA30F2732226B002E16C4 /* FirebaseFirestore */ = {
			isa = XCSwiftPackageProductDependency;
			package = 44AAA304273120EB002E16C4 /* XCRemoteSwiftPackageReference "firebase-ios-sdk" */;
			productName = FirebaseFirestore;
		};
		44AAA3202732A049002E16C4 /* JTAppleCalendar */ = {
			isa = XCSwiftPackageProductDependency;
			package = 0DD1631627311ECA00DC5970 /* XCRemoteSwiftPackageReference "JTAppleCalendar" */;
			productName = JTAppleCalendar;
		};
/* End XCSwiftPackageProductDependency section */
	};
	rootObject = 44AAA2A9272FDF8A002E16C4 /* Project object */;
}
