// !$*UTF8*$!
{
	archiveVersion = 1;
	classes = {
	};
	objectVersion = 55;
	objects = {

/* Begin PBXBuildFile section */
		0DBBAA3727341C1600B32EB5 /* CollectionViewLayouts.swift in Sources */ = {isa = PBXBuildFile; fileRef = 0DBBAA3627341C1600B32EB5 /* CollectionViewLayouts.swift */; };
		0DBBAA3C27341C3600B32EB5 /* ChallengeRecommendCell.swift in Sources */ = {isa = PBXBuildFile; fileRef = 0DBBAA3927341C3600B32EB5 /* ChallengeRecommendCell.swift */; };
		0DBBAA3D27341C3600B32EB5 /* ChallengeCategoryCell.swift in Sources */ = {isa = PBXBuildFile; fileRef = 0DBBAA3A27341C3600B32EB5 /* ChallengeCategoryCell.swift */; };
		0DBBAA3E27341C3600B32EB5 /* ChallengeCollectionViewHeader.swift in Sources */ = {isa = PBXBuildFile; fileRef = 0DBBAA3B27341C3600B32EB5 /* ChallengeCollectionViewHeader.swift */; };
		0DC38F44273A3B9900331C25 /* SearchCoordinator.swift in Sources */ = {isa = PBXBuildFile; fileRef = 0DC38F43273A3B9800331C25 /* SearchCoordinator.swift */; };
		0DD1631A27311F0200DC5970 /* DateCell.swift in Sources */ = {isa = PBXBuildFile; fileRef = 0DD1631927311F0200DC5970 /* DateCell.swift */; };
		0DD1631C27312AC700DC5970 /* DateHeader.swift in Sources */ = {isa = PBXBuildFile; fileRef = 0DD1631B27312AC700DC5970 /* DateHeader.swift */; };
		0DD1632D2733729800DC5970 /* CalendarDelegate.swift in Sources */ = {isa = PBXBuildFile; fileRef = 0DD1632C2733729800DC5970 /* CalendarDelegate.swift */; };
		14572CED273BF644007E6ECE /* CreateCoordinator.swift in Sources */ = {isa = PBXBuildFile; fileRef = 14572CEC273BF644007E6ECE /* CreateCoordinator.swift */; };
		149411DC273A314B004BE485 /* CreateViewModel.swift in Sources */ = {isa = PBXBuildFile; fileRef = 149411DB273A314B004BE485 /* CreateViewModel.swift */; };
		149411E4273A6314004BE485 /* CreateRepository.swift in Sources */ = {isa = PBXBuildFile; fileRef = 149411E3273A6314004BE485 /* CreateRepository.swift */; };
		149411E6273A64EC004BE485 /* ChallengeCreateUsecase.swift in Sources */ = {isa = PBXBuildFile; fileRef = 149411E5273A64EC004BE485 /* ChallengeCreateUsecase.swift */; };
		1497CF442738FFA600296F9E /* RoutinusRepository.swift in Sources */ = {isa = PBXBuildFile; fileRef = 1497CF432738FFA600296F9E /* RoutinusRepository.swift */; };
		1497CF4C2739078700296F9E /* UserNameFactory.swift in Sources */ = {isa = PBXBuildFile; fileRef = 1497CF4B2739078700296F9E /* UserNameFactory.swift */; };
		1497CF572739215C00296F9E /* HomeCreateUsecase.swift in Sources */ = {isa = PBXBuildFile; fileRef = 1497CF562739215C00296F9E /* HomeCreateUsecase.swift */; };
		14FCD60B27311CF600626E74 /* RoutineCell.swift in Sources */ = {isa = PBXBuildFile; fileRef = 14FCD60A27311CF600626E74 /* RoutineCell.swift */; };
		441CEDD127378573006C261F /* ContinuityView.swift in Sources */ = {isa = PBXBuildFile; fileRef = 441CEDD027378573006C261F /* ContinuityView.swift */; };
		441CEDD327378EBF006C261F /* TodayRoutineView.swift in Sources */ = {isa = PBXBuildFile; fileRef = 441CEDD227378EBF006C261F /* TodayRoutineView.swift */; };
		441CEDD627379939006C261F /* CalendarView.swift in Sources */ = {isa = PBXBuildFile; fileRef = 441CEDD527379939006C261F /* CalendarView.swift */; };
		441CEDE32738FF1E006C261F /* RoutinusDatabase.h in Headers */ = {isa = PBXBuildFile; fileRef = 441CEDE22738FF1E006C261F /* RoutinusDatabase.h */; settings = {ATTRIBUTES = (Public, ); }; };
		441CEDE62738FF1E006C261F /* RoutinusDatabase.framework in Frameworks */ = {isa = PBXBuildFile; fileRef = 441CEDE02738FF1E006C261F /* RoutinusDatabase.framework */; };
		441CEDE72738FF1E006C261F /* RoutinusDatabase.framework in Embed Frameworks */ = {isa = PBXBuildFile; fileRef = 441CEDE02738FF1E006C261F /* RoutinusDatabase.framework */; settings = {ATTRIBUTES = (CodeSignOnCopy, RemoveHeadersOnCopy, ); }; };
		441CEDED27390196006C261F /* FirebaseFirestore in Frameworks */ = {isa = PBXBuildFile; productRef = 441CEDEC27390196006C261F /* FirebaseFirestore */; };
		441CEDF027390259006C261F /* UserDTO.swift in Sources */ = {isa = PBXBuildFile; fileRef = 441CEDEF27390259006C261F /* UserDTO.swift */; };
		441CEDF327390296006C261F /* TodayRoutineDTO.swift in Sources */ = {isa = PBXBuildFile; fileRef = 441CEDF227390296006C261F /* TodayRoutineDTO.swift */; };
		441CEDF52739029C006C261F /* AchievementInfoDTO.swift in Sources */ = {isa = PBXBuildFile; fileRef = 441CEDF42739029C006C261F /* AchievementInfoDTO.swift */; };
		441CEDFA27390378006C261F /* GoogleService-Info.plist in Resources */ = {isa = PBXBuildFile; fileRef = 441CEDF627390378006C261F /* GoogleService-Info.plist */; };
		441CEDFB27390378006C261F /* RoutinusDatabase.debug.xcconfig in Resources */ = {isa = PBXBuildFile; fileRef = 441CEDF727390378006C261F /* RoutinusDatabase.debug.xcconfig */; };
		441CEDFC27390378006C261F /* RoutinusDatabase.release.xcconfig in Resources */ = {isa = PBXBuildFile; fileRef = 441CEDF827390378006C261F /* RoutinusDatabase.release.xcconfig */; };
		441CEDFD27390378006C261F /* RoutinusDatabase.swift in Sources */ = {isa = PBXBuildFile; fileRef = 441CEDF927390378006C261F /* RoutinusDatabase.swift */; };
		441CEE07273A0832006C261F /* HomeRepository.swift in Sources */ = {isa = PBXBuildFile; fileRef = 441CEE06273A0831006C261F /* HomeRepository.swift */; };
		441CEE11273A332D006C261F /* CreateCategoryView.swift in Sources */ = {isa = PBXBuildFile; fileRef = 441CEE10273A332D006C261F /* CreateCategoryView.swift */; };
		441CEE13273A334B006C261F /* CreateTitleView.swift in Sources */ = {isa = PBXBuildFile; fileRef = 441CEE12273A334B006C261F /* CreateTitleView.swift */; };
		441CEE15273A33BE006C261F /* CreateImageRegisterView.swift in Sources */ = {isa = PBXBuildFile; fileRef = 441CEE14273A33BE006C261F /* CreateImageRegisterView.swift */; };
		441CEE17273A33CD006C261F /* CreateIntroductionView.swift in Sources */ = {isa = PBXBuildFile; fileRef = 441CEE16273A33CD006C261F /* CreateIntroductionView.swift */; };
		441CEE19273A33DB006C261F /* CreateWeekView.swift in Sources */ = {isa = PBXBuildFile; fileRef = 441CEE18273A33DB006C261F /* CreateWeekView.swift */; };
		441CEE1B273A33FE006C261F /* CreateAuthMethodView.swift in Sources */ = {isa = PBXBuildFile; fileRef = 441CEE1A273A33FE006C261F /* CreateAuthMethodView.swift */; };
		441CEE1D273A3434006C261F /* CreateAuthImageRegisterView.swift in Sources */ = {isa = PBXBuildFile; fileRef = 441CEE1C273A3434006C261F /* CreateAuthImageRegisterView.swift */; };
		44234F15273BB6C9004D6834 /* CreateSubviewDelegate.swift in Sources */ = {isa = PBXBuildFile; fileRef = 44234F14273BB6C9004D6834 /* CreateSubviewDelegate.swift */; };
		44234F18273C0917004D6834 /* CreateImagePickerDelegate.swift in Sources */ = {isa = PBXBuildFile; fileRef = 44234F17273C0917004D6834 /* CreateImagePickerDelegate.swift */; };
		44AAA2B5272FDF8B002E16C4 /* AppDelegate.swift in Sources */ = {isa = PBXBuildFile; fileRef = 44AAA2B4272FDF8B002E16C4 /* AppDelegate.swift */; };
		44AAA2B7272FDF8B002E16C4 /* SceneDelegate.swift in Sources */ = {isa = PBXBuildFile; fileRef = 44AAA2B6272FDF8B002E16C4 /* SceneDelegate.swift */; };
		44AAA2B9272FDF8B002E16C4 /* HomeViewController.swift in Sources */ = {isa = PBXBuildFile; fileRef = 44AAA2B8272FDF8B002E16C4 /* HomeViewController.swift */; };
		44AAA2BE272FDF8F002E16C4 /* Assets.xcassets in Resources */ = {isa = PBXBuildFile; fileRef = 44AAA2BD272FDF8F002E16C4 /* Assets.xcassets */; };
		44AAA2C1272FDF8F002E16C4 /* LaunchScreen.storyboard in Resources */ = {isa = PBXBuildFile; fileRef = 44AAA2BF272FDF8F002E16C4 /* LaunchScreen.storyboard */; };
		44AAA2CA272FE13D002E16C4 /* .swiftlint.yml in Resources */ = {isa = PBXBuildFile; fileRef = 44AAA2C9272FE13D002E16C4 /* .swiftlint.yml */; };
		44AAA3212732A049002E16C4 /* JTAppleCalendar in Frameworks */ = {isa = PBXBuildFile; productRef = 44AAA3202732A049002E16C4 /* JTAppleCalendar */; };
		44AAA3242733819B002E16C4 /* Date+Extensions.swift in Sources */ = {isa = PBXBuildFile; fileRef = 44AAA3232733819B002E16C4 /* Date+Extensions.swift */; };
		8956F624DD102BDACEAB1C4F /* Pods_Routinus.framework in Frameworks */ = {isa = PBXBuildFile; fileRef = 5BC6FF3CC2926D6BD45C0ED2 /* Pods_Routinus.framework */; };
		E9493DBF273A390F0095CF6D /* CategoryButtonTapGesture.swift in Sources */ = {isa = PBXBuildFile; fileRef = E9493DBE273A390F0095CF6D /* CategoryButtonTapGesture.swift */; };
		E9493DC1273A4E5B0095CF6D /* ChallengeRepository.swift in Sources */ = {isa = PBXBuildFile; fileRef = E9493DC0273A4E5B0095CF6D /* ChallengeRepository.swift */; };
		E94B497227390FD300708D7B /* CategoryButton.swift in Sources */ = {isa = PBXBuildFile; fileRef = E94B497127390FD300708D7B /* CategoryButton.swift */; };
		E94B4974273910F400708D7B /* ChallengeViewModel.swift in Sources */ = {isa = PBXBuildFile; fileRef = E94B4973273910F400708D7B /* ChallengeViewModel.swift */; };
		E94B49762739118B00708D7B /* Challenge.swift in Sources */ = {isa = PBXBuildFile; fileRef = E94B49752739118B00708D7B /* Challenge.swift */; };
		E9753900273220F6004358C5 /* User.swift in Sources */ = {isa = PBXBuildFile; fileRef = E97538FF273220F6004358C5 /* User.swift */; };
		E975390627325538004358C5 /* AchievementInfo.swift in Sources */ = {isa = PBXBuildFile; fileRef = E975390527325538004358C5 /* AchievementInfo.swift */; };
		E9753909273257E5004358C5 /* HomeFetchUsecase.swift in Sources */ = {isa = PBXBuildFile; fileRef = E9753908273257E5004358C5 /* HomeFetchUsecase.swift */; };
		E9797CA02730FF9C00A14A0F /* RoutinusCoordinator.swift in Sources */ = {isa = PBXBuildFile; fileRef = E9797C9F2730FF9C00A14A0F /* RoutinusCoordinator.swift */; };
		E9797CA22730FFAD00A14A0F /* TabBarCoordinator.swift in Sources */ = {isa = PBXBuildFile; fileRef = E9797CA12730FFAD00A14A0F /* TabBarCoordinator.swift */; };
		E9797CA42730FFB500A14A0F /* AppCoordinator.swift in Sources */ = {isa = PBXBuildFile; fileRef = E9797CA32730FFB500A14A0F /* AppCoordinator.swift */; };
		E9797CA72731068300A14A0F /* ChallengeViewController.swift in Sources */ = {isa = PBXBuildFile; fileRef = E9797CA62731068300A14A0F /* ChallengeViewController.swift */; };
		E9797CAB2731073F00A14A0F /* MyPageViewController.swift in Sources */ = {isa = PBXBuildFile; fileRef = E9797CAA2731073F00A14A0F /* MyPageViewController.swift */; };
		E9797CAD2731074B00A14A0F /* ManageViewController.swift in Sources */ = {isa = PBXBuildFile; fileRef = E9797CAC2731074B00A14A0F /* ManageViewController.swift */; };
		E9797CB1273107A200A14A0F /* DetailViewController.swift in Sources */ = {isa = PBXBuildFile; fileRef = E9797CB0273107A200A14A0F /* DetailViewController.swift */; };
		E9797CB3273107BE00A14A0F /* CreateViewController.swift in Sources */ = {isa = PBXBuildFile; fileRef = E9797CB2273107BE00A14A0F /* CreateViewController.swift */; };
		E9797CB6273107F700A14A0F /* SearchViewController.swift in Sources */ = {isa = PBXBuildFile; fileRef = E9797CB5273107F700A14A0F /* SearchViewController.swift */; };
		E9797CB92731094900A14A0F /* AuthViewController.swift in Sources */ = {isa = PBXBuildFile; fileRef = E9797CB82731094900A14A0F /* AuthViewController.swift */; };
		E9797CBB27310E1000A14A0F /* ChallengeCoordinator.swift in Sources */ = {isa = PBXBuildFile; fileRef = E9797CBA27310E1000A14A0F /* ChallengeCoordinator.swift */; };
		E9797CBD27310E1900A14A0F /* HomeCoordinator.swift in Sources */ = {isa = PBXBuildFile; fileRef = E9797CBC27310E1900A14A0F /* HomeCoordinator.swift */; };
		E9797CBF27310E2A00A14A0F /* ManageCoordinator.swift in Sources */ = {isa = PBXBuildFile; fileRef = E9797CBE27310E2A00A14A0F /* ManageCoordinator.swift */; };
		E9797CC127310E3300A14A0F /* MyPageCoordinator.swift in Sources */ = {isa = PBXBuildFile; fileRef = E9797CC027310E3300A14A0F /* MyPageCoordinator.swift */; };
		E9797CC32731258A00A14A0F /* HomeViewModel.swift in Sources */ = {isa = PBXBuildFile; fileRef = E9797CC22731258A00A14A0F /* HomeViewModel.swift */; };
		E99474502736D54C0054A631 /* DetailCoordinator.swift in Sources */ = {isa = PBXBuildFile; fileRef = E994744F2736D54C0054A631 /* DetailCoordinator.swift */; };
		E99474522736F4B30054A631 /* AuthCoordinator.swift in Sources */ = {isa = PBXBuildFile; fileRef = E99474512736F4B30054A631 /* AuthCoordinator.swift */; };
		E9B1298227336EE50072D254 /* TodayRoutine.swift in Sources */ = {isa = PBXBuildFile; fileRef = E9B1298127336EE50072D254 /* TodayRoutine.swift */; };
		E9D0CAE427395AC100F66390 /* ChallengeFetchUsecase.swift in Sources */ = {isa = PBXBuildFile; fileRef = E9D0CAE327395AC100F66390 /* ChallengeFetchUsecase.swift */; };
		E9D0CAE8273978C600F66390 /* ChallengeDTO.swift in Sources */ = {isa = PBXBuildFile; fileRef = E9D0CAE7273978C600F66390 /* ChallengeDTO.swift */; };
/* End PBXBuildFile section */

/* Begin PBXContainerItemProxy section */
		441CEDE42738FF1E006C261F /* PBXContainerItemProxy */ = {
			isa = PBXContainerItemProxy;
			containerPortal = 44AAA2A9272FDF8A002E16C4 /* Project object */;
			proxyType = 1;
			remoteGlobalIDString = 441CEDDF2738FF1E006C261F;
			remoteInfo = RoutinusDatabase;
		};
/* End PBXContainerItemProxy section */

/* Begin PBXCopyFilesBuildPhase section */
		44AAA2FD27311D3F002E16C4 /* Embed Frameworks */ = {
			isa = PBXCopyFilesBuildPhase;
			buildActionMask = 2147483647;
			dstPath = "";
			dstSubfolderSpec = 10;
			files = (
				441CEDE72738FF1E006C261F /* RoutinusDatabase.framework in Embed Frameworks */,
			);
			name = "Embed Frameworks";
			runOnlyForDeploymentPostprocessing = 0;
		};
/* End PBXCopyFilesBuildPhase section */

/* Begin PBXFileReference section */
		0DBBAA3627341C1600B32EB5 /* CollectionViewLayouts.swift */ = {isa = PBXFileReference; lastKnownFileType = sourcecode.swift; path = CollectionViewLayouts.swift; sourceTree = "<group>"; };
		0DBBAA3927341C3600B32EB5 /* ChallengeRecommendCell.swift */ = {isa = PBXFileReference; fileEncoding = 4; lastKnownFileType = sourcecode.swift; path = ChallengeRecommendCell.swift; sourceTree = "<group>"; };
		0DBBAA3A27341C3600B32EB5 /* ChallengeCategoryCell.swift */ = {isa = PBXFileReference; fileEncoding = 4; lastKnownFileType = sourcecode.swift; path = ChallengeCategoryCell.swift; sourceTree = "<group>"; };
		0DBBAA3B27341C3600B32EB5 /* ChallengeCollectionViewHeader.swift */ = {isa = PBXFileReference; fileEncoding = 4; lastKnownFileType = sourcecode.swift; path = ChallengeCollectionViewHeader.swift; sourceTree = "<group>"; };
		0DC38F43273A3B9800331C25 /* SearchCoordinator.swift */ = {isa = PBXFileReference; lastKnownFileType = sourcecode.swift; path = SearchCoordinator.swift; sourceTree = "<group>"; };
		0DD1631927311F0200DC5970 /* DateCell.swift */ = {isa = PBXFileReference; lastKnownFileType = sourcecode.swift; path = DateCell.swift; sourceTree = "<group>"; };
		0DD1631B27312AC700DC5970 /* DateHeader.swift */ = {isa = PBXFileReference; lastKnownFileType = sourcecode.swift; path = DateHeader.swift; sourceTree = "<group>"; };
		0DD1632C2733729800DC5970 /* CalendarDelegate.swift */ = {isa = PBXFileReference; lastKnownFileType = sourcecode.swift; path = CalendarDelegate.swift; sourceTree = "<group>"; };
		14572CEC273BF644007E6ECE /* CreateCoordinator.swift */ = {isa = PBXFileReference; lastKnownFileType = sourcecode.swift; path = CreateCoordinator.swift; sourceTree = "<group>"; };
		149411DB273A314B004BE485 /* CreateViewModel.swift */ = {isa = PBXFileReference; lastKnownFileType = sourcecode.swift; path = CreateViewModel.swift; sourceTree = "<group>"; };
		149411E3273A6314004BE485 /* CreateRepository.swift */ = {isa = PBXFileReference; lastKnownFileType = sourcecode.swift; path = CreateRepository.swift; sourceTree = "<group>"; };
		149411E5273A64EC004BE485 /* ChallengeCreateUsecase.swift */ = {isa = PBXFileReference; lastKnownFileType = sourcecode.swift; path = ChallengeCreateUsecase.swift; sourceTree = "<group>"; };
		1497CF432738FFA600296F9E /* RoutinusRepository.swift */ = {isa = PBXFileReference; lastKnownFileType = sourcecode.swift; path = RoutinusRepository.swift; sourceTree = "<group>"; };
		1497CF4B2739078700296F9E /* UserNameFactory.swift */ = {isa = PBXFileReference; lastKnownFileType = sourcecode.swift; path = UserNameFactory.swift; sourceTree = "<group>"; };
		1497CF562739215C00296F9E /* HomeCreateUsecase.swift */ = {isa = PBXFileReference; lastKnownFileType = sourcecode.swift; path = HomeCreateUsecase.swift; sourceTree = "<group>"; };
		14FCD60A27311CF600626E74 /* RoutineCell.swift */ = {isa = PBXFileReference; lastKnownFileType = sourcecode.swift; path = RoutineCell.swift; sourceTree = "<group>"; };
		21D4AB5FB6AB0717E5C7402C /* Pods-Routinus.release.xcconfig */ = {isa = PBXFileReference; includeInIndex = 1; lastKnownFileType = text.xcconfig; name = "Pods-Routinus.release.xcconfig"; path = "Target Support Files/Pods-Routinus/Pods-Routinus.release.xcconfig"; sourceTree = "<group>"; };
		2813D98BB29BFEBCA9A154AE /* Pods-Routinus.debug.xcconfig */ = {isa = PBXFileReference; includeInIndex = 1; lastKnownFileType = text.xcconfig; name = "Pods-Routinus.debug.xcconfig"; path = "Target Support Files/Pods-Routinus/Pods-Routinus.debug.xcconfig"; sourceTree = "<group>"; };
		441CEDD027378573006C261F /* ContinuityView.swift */ = {isa = PBXFileReference; lastKnownFileType = sourcecode.swift; path = ContinuityView.swift; sourceTree = "<group>"; };
		441CEDD227378EBF006C261F /* TodayRoutineView.swift */ = {isa = PBXFileReference; lastKnownFileType = sourcecode.swift; path = TodayRoutineView.swift; sourceTree = "<group>"; };
		441CEDD527379939006C261F /* CalendarView.swift */ = {isa = PBXFileReference; lastKnownFileType = sourcecode.swift; path = CalendarView.swift; sourceTree = "<group>"; };
		441CEDE02738FF1E006C261F /* RoutinusDatabase.framework */ = {isa = PBXFileReference; explicitFileType = wrapper.framework; includeInIndex = 0; path = RoutinusDatabase.framework; sourceTree = BUILT_PRODUCTS_DIR; };
		441CEDE22738FF1E006C261F /* RoutinusDatabase.h */ = {isa = PBXFileReference; lastKnownFileType = sourcecode.c.h; path = RoutinusDatabase.h; sourceTree = "<group>"; };
		441CEDEF27390259006C261F /* UserDTO.swift */ = {isa = PBXFileReference; lastKnownFileType = sourcecode.swift; path = UserDTO.swift; sourceTree = "<group>"; };
		441CEDF227390296006C261F /* TodayRoutineDTO.swift */ = {isa = PBXFileReference; lastKnownFileType = sourcecode.swift; path = TodayRoutineDTO.swift; sourceTree = "<group>"; };
		441CEDF42739029C006C261F /* AchievementInfoDTO.swift */ = {isa = PBXFileReference; lastKnownFileType = sourcecode.swift; path = AchievementInfoDTO.swift; sourceTree = "<group>"; };
		441CEDF627390378006C261F /* GoogleService-Info.plist */ = {isa = PBXFileReference; fileEncoding = 4; lastKnownFileType = text.plist.xml; path = "GoogleService-Info.plist"; sourceTree = "<group>"; };
		441CEDF727390378006C261F /* RoutinusDatabase.debug.xcconfig */ = {isa = PBXFileReference; fileEncoding = 4; lastKnownFileType = text.xcconfig; path = RoutinusDatabase.debug.xcconfig; sourceTree = "<group>"; };
		441CEDF827390378006C261F /* RoutinusDatabase.release.xcconfig */ = {isa = PBXFileReference; fileEncoding = 4; lastKnownFileType = text.xcconfig; path = RoutinusDatabase.release.xcconfig; sourceTree = "<group>"; };
		441CEDF927390378006C261F /* RoutinusDatabase.swift */ = {isa = PBXFileReference; fileEncoding = 4; lastKnownFileType = sourcecode.swift; path = RoutinusDatabase.swift; sourceTree = "<group>"; };
		441CEE06273A0831006C261F /* HomeRepository.swift */ = {isa = PBXFileReference; lastKnownFileType = sourcecode.swift; path = HomeRepository.swift; sourceTree = "<group>"; };
		441CEE10273A332D006C261F /* CreateCategoryView.swift */ = {isa = PBXFileReference; lastKnownFileType = sourcecode.swift; path = CreateCategoryView.swift; sourceTree = "<group>"; };
		441CEE12273A334B006C261F /* CreateTitleView.swift */ = {isa = PBXFileReference; lastKnownFileType = sourcecode.swift; path = CreateTitleView.swift; sourceTree = "<group>"; };
		441CEE14273A33BE006C261F /* CreateImageRegisterView.swift */ = {isa = PBXFileReference; lastKnownFileType = sourcecode.swift; path = CreateImageRegisterView.swift; sourceTree = "<group>"; };
		441CEE16273A33CD006C261F /* CreateIntroductionView.swift */ = {isa = PBXFileReference; lastKnownFileType = sourcecode.swift; path = CreateIntroductionView.swift; sourceTree = "<group>"; };
		441CEE18273A33DB006C261F /* CreateWeekView.swift */ = {isa = PBXFileReference; lastKnownFileType = sourcecode.swift; path = CreateWeekView.swift; sourceTree = "<group>"; };
		441CEE1A273A33FE006C261F /* CreateAuthMethodView.swift */ = {isa = PBXFileReference; lastKnownFileType = sourcecode.swift; path = CreateAuthMethodView.swift; sourceTree = "<group>"; };
		441CEE1C273A3434006C261F /* CreateAuthImageRegisterView.swift */ = {isa = PBXFileReference; lastKnownFileType = sourcecode.swift; path = CreateAuthImageRegisterView.swift; sourceTree = "<group>"; };
		44234F14273BB6C9004D6834 /* CreateSubviewDelegate.swift */ = {isa = PBXFileReference; lastKnownFileType = sourcecode.swift; path = CreateSubviewDelegate.swift; sourceTree = "<group>"; };
		44234F17273C0917004D6834 /* CreateImagePickerDelegate.swift */ = {isa = PBXFileReference; lastKnownFileType = sourcecode.swift; path = CreateImagePickerDelegate.swift; sourceTree = "<group>"; };
		44AAA2B1272FDF8B002E16C4 /* Routinus.app */ = {isa = PBXFileReference; explicitFileType = wrapper.application; includeInIndex = 0; path = Routinus.app; sourceTree = BUILT_PRODUCTS_DIR; };
		44AAA2B4272FDF8B002E16C4 /* AppDelegate.swift */ = {isa = PBXFileReference; lastKnownFileType = sourcecode.swift; path = AppDelegate.swift; sourceTree = "<group>"; };
		44AAA2B6272FDF8B002E16C4 /* SceneDelegate.swift */ = {isa = PBXFileReference; lastKnownFileType = sourcecode.swift; path = SceneDelegate.swift; sourceTree = "<group>"; };
		44AAA2B8272FDF8B002E16C4 /* HomeViewController.swift */ = {isa = PBXFileReference; lastKnownFileType = sourcecode.swift; path = HomeViewController.swift; sourceTree = "<group>"; };
		44AAA2BD272FDF8F002E16C4 /* Assets.xcassets */ = {isa = PBXFileReference; lastKnownFileType = folder.assetcatalog; path = Assets.xcassets; sourceTree = "<group>"; };
		44AAA2C0272FDF8F002E16C4 /* Base */ = {isa = PBXFileReference; lastKnownFileType = file.storyboard; name = Base; path = Base.lproj/LaunchScreen.storyboard; sourceTree = "<group>"; };
		44AAA2C2272FDF8F002E16C4 /* Info.plist */ = {isa = PBXFileReference; lastKnownFileType = text.plist.xml; path = Info.plist; sourceTree = "<group>"; };
		44AAA2C9272FE13D002E16C4 /* .swiftlint.yml */ = {isa = PBXFileReference; lastKnownFileType = text.yaml; path = .swiftlint.yml; sourceTree = "<group>"; };
		44AAA3232733819B002E16C4 /* Date+Extensions.swift */ = {isa = PBXFileReference; lastKnownFileType = sourcecode.swift; path = "Date+Extensions.swift"; sourceTree = "<group>"; };
		5BC6FF3CC2926D6BD45C0ED2 /* Pods_Routinus.framework */ = {isa = PBXFileReference; explicitFileType = wrapper.framework; includeInIndex = 0; path = Pods_Routinus.framework; sourceTree = BUILT_PRODUCTS_DIR; };
		E9493DBE273A390F0095CF6D /* CategoryButtonTapGesture.swift */ = {isa = PBXFileReference; lastKnownFileType = sourcecode.swift; path = CategoryButtonTapGesture.swift; sourceTree = "<group>"; };
		E9493DC0273A4E5B0095CF6D /* ChallengeRepository.swift */ = {isa = PBXFileReference; lastKnownFileType = sourcecode.swift; path = ChallengeRepository.swift; sourceTree = "<group>"; };
		E94B497127390FD300708D7B /* CategoryButton.swift */ = {isa = PBXFileReference; lastKnownFileType = sourcecode.swift; path = CategoryButton.swift; sourceTree = "<group>"; };
		E94B4973273910F400708D7B /* ChallengeViewModel.swift */ = {isa = PBXFileReference; lastKnownFileType = sourcecode.swift; path = ChallengeViewModel.swift; sourceTree = "<group>"; };
		E94B49752739118B00708D7B /* Challenge.swift */ = {isa = PBXFileReference; lastKnownFileType = sourcecode.swift; path = Challenge.swift; sourceTree = "<group>"; };
		E97538FF273220F6004358C5 /* User.swift */ = {isa = PBXFileReference; lastKnownFileType = sourcecode.swift; path = User.swift; sourceTree = "<group>"; };
		E975390527325538004358C5 /* AchievementInfo.swift */ = {isa = PBXFileReference; lastKnownFileType = sourcecode.swift; path = AchievementInfo.swift; sourceTree = "<group>"; };
		E9753908273257E5004358C5 /* HomeFetchUsecase.swift */ = {isa = PBXFileReference; lastKnownFileType = sourcecode.swift; path = HomeFetchUsecase.swift; sourceTree = "<group>"; };
		E9797C9F2730FF9C00A14A0F /* RoutinusCoordinator.swift */ = {isa = PBXFileReference; lastKnownFileType = sourcecode.swift; path = RoutinusCoordinator.swift; sourceTree = "<group>"; };
		E9797CA12730FFAD00A14A0F /* TabBarCoordinator.swift */ = {isa = PBXFileReference; lastKnownFileType = sourcecode.swift; path = TabBarCoordinator.swift; sourceTree = "<group>"; };
		E9797CA32730FFB500A14A0F /* AppCoordinator.swift */ = {isa = PBXFileReference; lastKnownFileType = sourcecode.swift; path = AppCoordinator.swift; sourceTree = "<group>"; };
		E9797CA62731068300A14A0F /* ChallengeViewController.swift */ = {isa = PBXFileReference; lastKnownFileType = sourcecode.swift; path = ChallengeViewController.swift; sourceTree = "<group>"; };
		E9797CAA2731073F00A14A0F /* MyPageViewController.swift */ = {isa = PBXFileReference; lastKnownFileType = sourcecode.swift; path = MyPageViewController.swift; sourceTree = "<group>"; };
		E9797CAC2731074B00A14A0F /* ManageViewController.swift */ = {isa = PBXFileReference; lastKnownFileType = sourcecode.swift; path = ManageViewController.swift; sourceTree = "<group>"; };
		E9797CB0273107A200A14A0F /* DetailViewController.swift */ = {isa = PBXFileReference; lastKnownFileType = sourcecode.swift; path = DetailViewController.swift; sourceTree = "<group>"; };
		E9797CB2273107BE00A14A0F /* CreateViewController.swift */ = {isa = PBXFileReference; lastKnownFileType = sourcecode.swift; path = CreateViewController.swift; sourceTree = "<group>"; };
		E9797CB5273107F700A14A0F /* SearchViewController.swift */ = {isa = PBXFileReference; lastKnownFileType = sourcecode.swift; path = SearchViewController.swift; sourceTree = "<group>"; };
		E9797CB82731094900A14A0F /* AuthViewController.swift */ = {isa = PBXFileReference; lastKnownFileType = sourcecode.swift; path = AuthViewController.swift; sourceTree = "<group>"; };
		E9797CBA27310E1000A14A0F /* ChallengeCoordinator.swift */ = {isa = PBXFileReference; lastKnownFileType = sourcecode.swift; path = ChallengeCoordinator.swift; sourceTree = "<group>"; };
		E9797CBC27310E1900A14A0F /* HomeCoordinator.swift */ = {isa = PBXFileReference; lastKnownFileType = sourcecode.swift; path = HomeCoordinator.swift; sourceTree = "<group>"; };
		E9797CBE27310E2A00A14A0F /* ManageCoordinator.swift */ = {isa = PBXFileReference; lastKnownFileType = sourcecode.swift; path = ManageCoordinator.swift; sourceTree = "<group>"; };
		E9797CC027310E3300A14A0F /* MyPageCoordinator.swift */ = {isa = PBXFileReference; lastKnownFileType = sourcecode.swift; path = MyPageCoordinator.swift; sourceTree = "<group>"; };
		E9797CC22731258A00A14A0F /* HomeViewModel.swift */ = {isa = PBXFileReference; lastKnownFileType = sourcecode.swift; path = HomeViewModel.swift; sourceTree = "<group>"; };
		E994744F2736D54C0054A631 /* DetailCoordinator.swift */ = {isa = PBXFileReference; lastKnownFileType = sourcecode.swift; path = DetailCoordinator.swift; sourceTree = "<group>"; };
		E99474512736F4B30054A631 /* AuthCoordinator.swift */ = {isa = PBXFileReference; lastKnownFileType = sourcecode.swift; path = AuthCoordinator.swift; sourceTree = "<group>"; };
		E9B1298127336EE50072D254 /* TodayRoutine.swift */ = {isa = PBXFileReference; lastKnownFileType = sourcecode.swift; path = TodayRoutine.swift; sourceTree = "<group>"; };
		E9D0CAE327395AC100F66390 /* ChallengeFetchUsecase.swift */ = {isa = PBXFileReference; lastKnownFileType = sourcecode.swift; path = ChallengeFetchUsecase.swift; sourceTree = "<group>"; };
		E9D0CAE7273978C600F66390 /* ChallengeDTO.swift */ = {isa = PBXFileReference; lastKnownFileType = sourcecode.swift; path = ChallengeDTO.swift; sourceTree = "<group>"; };
/* End PBXFileReference section */

/* Begin PBXFrameworksBuildPhase section */
		441CEDDD2738FF1E006C261F /* Frameworks */ = {
			isa = PBXFrameworksBuildPhase;
			buildActionMask = 2147483647;
			files = (
				441CEDED27390196006C261F /* FirebaseFirestore in Frameworks */,
			);
			runOnlyForDeploymentPostprocessing = 0;
		};
		44AAA2AE272FDF8B002E16C4 /* Frameworks */ = {
			isa = PBXFrameworksBuildPhase;
			buildActionMask = 2147483647;
			files = (
				441CEDE62738FF1E006C261F /* RoutinusDatabase.framework in Frameworks */,
				44AAA3212732A049002E16C4 /* JTAppleCalendar in Frameworks */,
				8956F624DD102BDACEAB1C4F /* Pods_Routinus.framework in Frameworks */,
			);
			runOnlyForDeploymentPostprocessing = 0;
		};
/* End PBXFrameworksBuildPhase section */

/* Begin PBXGroup section */
		0DBBAA3827341C3600B32EB5 /* cell */ = {
			isa = PBXGroup;
			children = (
				0DBBAA3927341C3600B32EB5 /* ChallengeRecommendCell.swift */,
				0DBBAA3A27341C3600B32EB5 /* ChallengeCategoryCell.swift */,
				0DBBAA3B27341C3600B32EB5 /* ChallengeCollectionViewHeader.swift */,
				E94B497127390FD300708D7B /* CategoryButton.swift */,
				E9493DBE273A390F0095CF6D /* CategoryButtonTapGesture.swift */,
			);
			path = cell;
			sourceTree = "<group>";
		};
		0DD1631D27312ACA00DC5970 /* Calendar */ = {
			isa = PBXGroup;
			children = (
				441CEDD527379939006C261F /* CalendarView.swift */,
				0DD1632C2733729800DC5970 /* CalendarDelegate.swift */,
				0DD1631927311F0200DC5970 /* DateCell.swift */,
				0DD1631B27312AC700DC5970 /* DateHeader.swift */,
			);
			path = Calendar;
			sourceTree = "<group>";
		};
		1497CF422738FF8C00296F9E /* Data */ = {
			isa = PBXGroup;
			children = (
				1497CF432738FFA600296F9E /* RoutinusRepository.swift */,
				441CEE06273A0831006C261F /* HomeRepository.swift */,
				E9493DC0273A4E5B0095CF6D /* ChallengeRepository.swift */,
				149411E3273A6314004BE485 /* CreateRepository.swift */,
				1497CF4B2739078700296F9E /* UserNameFactory.swift */,
			);
			path = Data;
			sourceTree = "<group>";
		};
		441CEDD4273796C4006C261F /* Subviews */ = {
			isa = PBXGroup;
			children = (
				441CEDD82737A918006C261F /* Continuity */,
				441CEDD72737A8E5006C261F /* TodayRoutine */,
				0DD1631D27312ACA00DC5970 /* Calendar */,
			);
			path = Subviews;
			sourceTree = "<group>";
		};
		441CEDD72737A8E5006C261F /* TodayRoutine */ = {
			isa = PBXGroup;
			children = (
				441CEDD227378EBF006C261F /* TodayRoutineView.swift */,
				14FCD60A27311CF600626E74 /* RoutineCell.swift */,
			);
			path = TodayRoutine;
			sourceTree = "<group>";
		};
		441CEDD82737A918006C261F /* Continuity */ = {
			isa = PBXGroup;
			children = (
				441CEDD027378573006C261F /* ContinuityView.swift */,
			);
			path = Continuity;
			sourceTree = "<group>";
		};
		441CEDE12738FF1E006C261F /* RoutinusDatabase */ = {
			isa = PBXGroup;
			children = (
				441CEDF127390260006C261F /* DTO */,
				441CEDE22738FF1E006C261F /* RoutinusDatabase.h */,
				441CEDF927390378006C261F /* RoutinusDatabase.swift */,
				441CEDF627390378006C261F /* GoogleService-Info.plist */,
				441CEDF727390378006C261F /* RoutinusDatabase.debug.xcconfig */,
				441CEDF827390378006C261F /* RoutinusDatabase.release.xcconfig */,
			);
			path = RoutinusDatabase;
			sourceTree = "<group>";
		};
		441CEDF127390260006C261F /* DTO */ = {
			isa = PBXGroup;
			children = (
				441CEDEF27390259006C261F /* UserDTO.swift */,
				441CEDF227390296006C261F /* TodayRoutineDTO.swift */,
				441CEDF42739029C006C261F /* AchievementInfoDTO.swift */,
				E9D0CAE7273978C600F66390 /* ChallengeDTO.swift */,
			);
			path = DTO;
			sourceTree = "<group>";
		};
		441CEE08273A31F3006C261F /* Subviews */ = {
			isa = PBXGroup;
			children = (
				441CEE10273A332D006C261F /* CreateCategoryView.swift */,
				441CEE12273A334B006C261F /* CreateTitleView.swift */,
				441CEE14273A33BE006C261F /* CreateImageRegisterView.swift */,
				441CEE18273A33DB006C261F /* CreateWeekView.swift */,
				441CEE16273A33CD006C261F /* CreateIntroductionView.swift */,
				441CEE1A273A33FE006C261F /* CreateAuthMethodView.swift */,
				441CEE1C273A3434006C261F /* CreateAuthImageRegisterView.swift */,
			);
			path = Subviews;
			sourceTree = "<group>";
		};
		44234F16273C07B3004D6834 /* Delegates */ = {
			isa = PBXGroup;
			children = (
				44234F14273BB6C9004D6834 /* CreateSubviewDelegate.swift */,
				44234F17273C0917004D6834 /* CreateImagePickerDelegate.swift */,
			);
			path = Delegates;
			sourceTree = "<group>";
		};
		44AAA2A8272FDF8A002E16C4 = {
			isa = PBXGroup;
			children = (
				44AAA2C9272FE13D002E16C4 /* .swiftlint.yml */,
				44AAA2B3272FDF8B002E16C4 /* Routinus */,
				441CEDE12738FF1E006C261F /* RoutinusDatabase */,
				44AAA2B2272FDF8B002E16C4 /* Products */,
				C6BC838A122CF798FF91016F /* Pods */,
				E3D71BDBA3D7EC43BE475984 /* Frameworks */,
			);
			sourceTree = "<group>";
		};
		44AAA2B2272FDF8B002E16C4 /* Products */ = {
			isa = PBXGroup;
			children = (
				44AAA2B1272FDF8B002E16C4 /* Routinus.app */,
				441CEDE02738FF1E006C261F /* RoutinusDatabase.framework */,
			);
			name = Products;
			sourceTree = "<group>";
		};
		44AAA2B3272FDF8B002E16C4 /* Routinus */ = {
			isa = PBXGroup;
			children = (
				E9797C9B2730F7BC00A14A0F /* Application */,
				E9797C9A2730F7A200A14A0F /* Presentation */,
				E97538FD27321BD7004358C5 /* Domain */,
				1497CF422738FF8C00296F9E /* Data */,
				44AAA32227338181002E16C4 /* Extensions */,
				E9797C9C2730F86100A14A0F /* Resources */,
			);
			path = Routinus;
			sourceTree = "<group>";
		};
		44AAA32227338181002E16C4 /* Extensions */ = {
			isa = PBXGroup;
			children = (
				44AAA3232733819B002E16C4 /* Date+Extensions.swift */,
			);
			path = Extensions;
			sourceTree = "<group>";
		};
		C6BC838A122CF798FF91016F /* Pods */ = {
			isa = PBXGroup;
			children = (
				2813D98BB29BFEBCA9A154AE /* Pods-Routinus.debug.xcconfig */,
				21D4AB5FB6AB0717E5C7402C /* Pods-Routinus.release.xcconfig */,
			);
			path = Pods;
			sourceTree = "<group>";
		};
		E3D71BDBA3D7EC43BE475984 /* Frameworks */ = {
			isa = PBXGroup;
			children = (
				5BC6FF3CC2926D6BD45C0ED2 /* Pods_Routinus.framework */,
			);
			name = Frameworks;
			sourceTree = "<group>";
		};
		E97538FD27321BD7004358C5 /* Domain */ = {
			isa = PBXGroup;
			children = (
				E97538FE27321BE1004358C5 /* Entity */,
				E975390727325674004358C5 /* Usecase */,
			);
			path = Domain;
			sourceTree = "<group>";
		};
		E97538FE27321BE1004358C5 /* Entity */ = {
			isa = PBXGroup;
			children = (
				E97538FF273220F6004358C5 /* User.swift */,
				E975390527325538004358C5 /* AchievementInfo.swift */,
				E9B1298127336EE50072D254 /* TodayRoutine.swift */,
				E94B49752739118B00708D7B /* Challenge.swift */,
			);
			path = Entity;
			sourceTree = "<group>";
		};
		E975390727325674004358C5 /* Usecase */ = {
			isa = PBXGroup;
			children = (
				E9753908273257E5004358C5 /* HomeFetchUsecase.swift */,
				E9D0CAE327395AC100F66390 /* ChallengeFetchUsecase.swift */,
				149411E5273A64EC004BE485 /* ChallengeCreateUsecase.swift */,
				1497CF562739215C00296F9E /* HomeCreateUsecase.swift */,
			);
			path = Usecase;
			sourceTree = "<group>";
		};
		E9797C9A2730F7A200A14A0F /* Presentation */ = {
			isa = PBXGroup;
			children = (
				44AAA2BF272FDF8F002E16C4 /* LaunchScreen.storyboard */,
				E9797C9D2730F89400A14A0F /* Home */,
				E9797CA52731066100A14A0F /* Challenge */,
				E9797CB4273107E100A14A0F /* Search */,
				E9797CAF2731078400A14A0F /* Detail */,
				E9797CAE2731077A00A14A0F /* Create */,
				E9797CB7273108EA00A14A0F /* Auth */,
				E9797CA92731072700A14A0F /* Manage */,
				E9797CA8273106E300A14A0F /* MyPage */,
			);
			path = Presentation;
			sourceTree = "<group>";
		};
		E9797C9B2730F7BC00A14A0F /* Application */ = {
			isa = PBXGroup;
			children = (
				E9797C9E2730FF9000A14A0F /* Coordinator */,
				44AAA2B4272FDF8B002E16C4 /* AppDelegate.swift */,
				44AAA2B6272FDF8B002E16C4 /* SceneDelegate.swift */,
			);
			path = Application;
			sourceTree = "<group>";
		};
		E9797C9C2730F86100A14A0F /* Resources */ = {
			isa = PBXGroup;
			children = (
				44AAA2BD272FDF8F002E16C4 /* Assets.xcassets */,
				44AAA2C2272FDF8F002E16C4 /* Info.plist */,
			);
			path = Resources;
			sourceTree = "<group>";
		};
		E9797C9D2730F89400A14A0F /* Home */ = {
			isa = PBXGroup;
			children = (
				44AAA2B8272FDF8B002E16C4 /* HomeViewController.swift */,
				E9797CC22731258A00A14A0F /* HomeViewModel.swift */,
				441CEDD4273796C4006C261F /* Subviews */,
			);
			path = Home;
			sourceTree = "<group>";
		};
		E9797C9E2730FF9000A14A0F /* Coordinator */ = {
			isa = PBXGroup;
			children = (
				E9797C9F2730FF9C00A14A0F /* RoutinusCoordinator.swift */,
				E9797CA32730FFB500A14A0F /* AppCoordinator.swift */,
				E9797CA12730FFAD00A14A0F /* TabBarCoordinator.swift */,
				E9797CBC27310E1900A14A0F /* HomeCoordinator.swift */,
				E9797CBA27310E1000A14A0F /* ChallengeCoordinator.swift */,
				E9797CBE27310E2A00A14A0F /* ManageCoordinator.swift */,
				0DC38F43273A3B9800331C25 /* SearchCoordinator.swift */,
				E9797CC027310E3300A14A0F /* MyPageCoordinator.swift */,
				E994744F2736D54C0054A631 /* DetailCoordinator.swift */,
				E99474512736F4B30054A631 /* AuthCoordinator.swift */,
				14572CEC273BF644007E6ECE /* CreateCoordinator.swift */,
			);
			path = Coordinator;
			sourceTree = "<group>";
		};
		E9797CA52731066100A14A0F /* Challenge */ = {
			isa = PBXGroup;
			children = (
				0DBBAA3827341C3600B32EB5 /* cell */,
				E9797CA62731068300A14A0F /* ChallengeViewController.swift */,
				0DBBAA3627341C1600B32EB5 /* CollectionViewLayouts.swift */,
				E94B4973273910F400708D7B /* ChallengeViewModel.swift */,
			);
			path = Challenge;
			sourceTree = "<group>";
		};
		E9797CA8273106E300A14A0F /* MyPage */ = {
			isa = PBXGroup;
			children = (
				E9797CAA2731073F00A14A0F /* MyPageViewController.swift */,
			);
			path = MyPage;
			sourceTree = "<group>";
		};
		E9797CA92731072700A14A0F /* Manage */ = {
			isa = PBXGroup;
			children = (
				E9797CAC2731074B00A14A0F /* ManageViewController.swift */,
			);
			path = Manage;
			sourceTree = "<group>";
		};
		E9797CAE2731077A00A14A0F /* Create */ = {
			isa = PBXGroup;
			children = (
				E9797CB2273107BE00A14A0F /* CreateViewController.swift */,
				149411DB273A314B004BE485 /* CreateViewModel.swift */,
				441CEE08273A31F3006C261F /* Subviews */,
				44234F16273C07B3004D6834 /* Delegates */,
			);
			path = Create;
			sourceTree = "<group>";
		};
		E9797CAF2731078400A14A0F /* Detail */ = {
			isa = PBXGroup;
			children = (
				E9797CB0273107A200A14A0F /* DetailViewController.swift */,
			);
			path = Detail;
			sourceTree = "<group>";
		};
		E9797CB4273107E100A14A0F /* Search */ = {
			isa = PBXGroup;
			children = (
				E9797CB5273107F700A14A0F /* SearchViewController.swift */,
			);
			path = Search;
			sourceTree = "<group>";
		};
		E9797CB7273108EA00A14A0F /* Auth */ = {
			isa = PBXGroup;
			children = (
				E9797CB82731094900A14A0F /* AuthViewController.swift */,
			);
			path = Auth;
			sourceTree = "<group>";
		};
/* End PBXGroup section */

/* Begin PBXHeadersBuildPhase section */
		441CEDDB2738FF1E006C261F /* Headers */ = {
			isa = PBXHeadersBuildPhase;
			buildActionMask = 2147483647;
			files = (
				441CEDE32738FF1E006C261F /* RoutinusDatabase.h in Headers */,
			);
			runOnlyForDeploymentPostprocessing = 0;
		};
/* End PBXHeadersBuildPhase section */

/* Begin PBXNativeTarget section */
		441CEDDF2738FF1E006C261F /* RoutinusDatabase */ = {
			isa = PBXNativeTarget;
			buildConfigurationList = 441CEDEA2738FF1E006C261F /* Build configuration list for PBXNativeTarget "RoutinusDatabase" */;
			buildPhases = (
				441CEDDB2738FF1E006C261F /* Headers */,
				441CEDDC2738FF1E006C261F /* Sources */,
				441CEDDD2738FF1E006C261F /* Frameworks */,
				441CEDDE2738FF1E006C261F /* Resources */,
			);
			buildRules = (
			);
			dependencies = (
			);
			name = RoutinusDatabase;
			packageProductDependencies = (
				441CEDEC27390196006C261F /* FirebaseFirestore */,
			);
			productName = RoutinusDatabase;
			productReference = 441CEDE02738FF1E006C261F /* RoutinusDatabase.framework */;
			productType = "com.apple.product-type.framework";
		};
		44AAA2B0272FDF8B002E16C4 /* Routinus */ = {
			isa = PBXNativeTarget;
			buildConfigurationList = 44AAA2C5272FDF8F002E16C4 /* Build configuration list for PBXNativeTarget "Routinus" */;
			buildPhases = (
				7923187567A085D739B80949 /* [CP] Check Pods Manifest.lock */,
				44AAA2AD272FDF8B002E16C4 /* Sources */,
				44AAA2AE272FDF8B002E16C4 /* Frameworks */,
				44AAA2AF272FDF8B002E16C4 /* Resources */,
				44AAA2C8272FE0E9002E16C4 /* ShellScript */,
				041F02304FB6C3345492FA1E /* [CP] Embed Pods Frameworks */,
				44AAA2FD27311D3F002E16C4 /* Embed Frameworks */,
			);
			buildRules = (
			);
			dependencies = (
				441CEDE52738FF1E006C261F /* PBXTargetDependency */,
			);
			name = Routinus;
			packageProductDependencies = (
				44AAA3202732A049002E16C4 /* JTAppleCalendar */,
			);
			productName = Routinus;
			productReference = 44AAA2B1272FDF8B002E16C4 /* Routinus.app */;
			productType = "com.apple.product-type.application";
		};
/* End PBXNativeTarget section */

/* Begin PBXProject section */
		44AAA2A9272FDF8A002E16C4 /* Project object */ = {
			isa = PBXProject;
			attributes = {
				BuildIndependentTargetsInParallel = 1;
				LastSwiftUpdateCheck = 1310;
				LastUpgradeCheck = 1310;
				TargetAttributes = {
					441CEDDF2738FF1E006C261F = {
						CreatedOnToolsVersion = 13.1;
					};
					44AAA2B0272FDF8B002E16C4 = {
						CreatedOnToolsVersion = 13.1;
					};
				};
			};
			buildConfigurationList = 44AAA2AC272FDF8A002E16C4 /* Build configuration list for PBXProject "Routinus" */;
			compatibilityVersion = "Xcode 13.0";
			developmentRegion = en;
			hasScannedForEncodings = 0;
			knownRegions = (
				en,
				Base,
			);
			mainGroup = 44AAA2A8272FDF8A002E16C4;
			packageReferences = (
				0DD1631627311ECA00DC5970 /* XCRemoteSwiftPackageReference "JTAppleCalendar" */,
				44AAA304273120EB002E16C4 /* XCRemoteSwiftPackageReference "firebase-ios-sdk" */,
			);
			productRefGroup = 44AAA2B2272FDF8B002E16C4 /* Products */;
			projectDirPath = "";
			projectRoot = "";
			targets = (
				44AAA2B0272FDF8B002E16C4 /* Routinus */,
				441CEDDF2738FF1E006C261F /* RoutinusDatabase */,
			);
		};
/* End PBXProject section */

/* Begin PBXResourcesBuildPhase section */
		441CEDDE2738FF1E006C261F /* Resources */ = {
			isa = PBXResourcesBuildPhase;
			buildActionMask = 2147483647;
			files = (
				441CEDFA27390378006C261F /* GoogleService-Info.plist in Resources */,
				441CEDFB27390378006C261F /* RoutinusDatabase.debug.xcconfig in Resources */,
				441CEDFC27390378006C261F /* RoutinusDatabase.release.xcconfig in Resources */,
			);
			runOnlyForDeploymentPostprocessing = 0;
		};
		44AAA2AF272FDF8B002E16C4 /* Resources */ = {
			isa = PBXResourcesBuildPhase;
			buildActionMask = 2147483647;
			files = (
				44AAA2CA272FE13D002E16C4 /* .swiftlint.yml in Resources */,
				44AAA2C1272FDF8F002E16C4 /* LaunchScreen.storyboard in Resources */,
				44AAA2BE272FDF8F002E16C4 /* Assets.xcassets in Resources */,
			);
			runOnlyForDeploymentPostprocessing = 0;
		};
/* End PBXResourcesBuildPhase section */

/* Begin PBXShellScriptBuildPhase section */
		041F02304FB6C3345492FA1E /* [CP] Embed Pods Frameworks */ = {
			isa = PBXShellScriptBuildPhase;
			buildActionMask = 2147483647;
			files = (
			);
			inputFileListPaths = (
				"${PODS_ROOT}/Target Support Files/Pods-Routinus/Pods-Routinus-frameworks-${CONFIGURATION}-input-files.xcfilelist",
			);
			name = "[CP] Embed Pods Frameworks";
			outputFileListPaths = (
				"${PODS_ROOT}/Target Support Files/Pods-Routinus/Pods-Routinus-frameworks-${CONFIGURATION}-output-files.xcfilelist",
			);
			runOnlyForDeploymentPostprocessing = 0;
			shellPath = /bin/sh;
			shellScript = "\"${PODS_ROOT}/Target Support Files/Pods-Routinus/Pods-Routinus-frameworks.sh\"\n";
			showEnvVarsInLog = 0;
		};
		44AAA2C8272FE0E9002E16C4 /* ShellScript */ = {
			isa = PBXShellScriptBuildPhase;
			buildActionMask = 2147483647;
			files = (
			);
			inputFileListPaths = (
			);
			inputPaths = (
			);
			outputFileListPaths = (
			);
			outputPaths = (
			);
			runOnlyForDeploymentPostprocessing = 0;
			shellPath = /bin/sh;
			shellScript = "${PODS_ROOT}/SwiftLint/swiftlint\n";
		};
		7923187567A085D739B80949 /* [CP] Check Pods Manifest.lock */ = {
			isa = PBXShellScriptBuildPhase;
			buildActionMask = 2147483647;
			files = (
			);
			inputFileListPaths = (
			);
			inputPaths = (
				"${PODS_PODFILE_DIR_PATH}/Podfile.lock",
				"${PODS_ROOT}/Manifest.lock",
			);
			name = "[CP] Check Pods Manifest.lock";
			outputFileListPaths = (
			);
			outputPaths = (
				"$(DERIVED_FILE_DIR)/Pods-Routinus-checkManifestLockResult.txt",
			);
			runOnlyForDeploymentPostprocessing = 0;
			shellPath = /bin/sh;
			shellScript = "diff \"${PODS_PODFILE_DIR_PATH}/Podfile.lock\" \"${PODS_ROOT}/Manifest.lock\" > /dev/null\nif [ $? != 0 ] ; then\n    # print error to STDERR\n    echo \"error: The sandbox is not in sync with the Podfile.lock. Run 'pod install' or update your CocoaPods installation.\" >&2\n    exit 1\nfi\n# This output is used by Xcode 'outputs' to avoid re-running this script phase.\necho \"SUCCESS\" > \"${SCRIPT_OUTPUT_FILE_0}\"\n";
			showEnvVarsInLog = 0;
		};
/* End PBXShellScriptBuildPhase section */

/* Begin PBXSourcesBuildPhase section */
		441CEDDC2738FF1E006C261F /* Sources */ = {
			isa = PBXSourcesBuildPhase;
			buildActionMask = 2147483647;
			files = (
				441CEDF027390259006C261F /* UserDTO.swift in Sources */,
				441CEDF52739029C006C261F /* AchievementInfoDTO.swift in Sources */,
				E9D0CAE8273978C600F66390 /* ChallengeDTO.swift in Sources */,
				441CEDF327390296006C261F /* TodayRoutineDTO.swift in Sources */,
				441CEDFD27390378006C261F /* RoutinusDatabase.swift in Sources */,
			);
			runOnlyForDeploymentPostprocessing = 0;
		};
		44AAA2AD272FDF8B002E16C4 /* Sources */ = {
			isa = PBXSourcesBuildPhase;
			buildActionMask = 2147483647;
			files = (
				44234F18273C0917004D6834 /* CreateImagePickerDelegate.swift in Sources */,
				E9D0CAE427395AC100F66390 /* ChallengeFetchUsecase.swift in Sources */,
				441CEE11273A332D006C261F /* CreateCategoryView.swift in Sources */,
				E9B1298227336EE50072D254 /* TodayRoutine.swift in Sources */,
				0DBBAA3727341C1600B32EB5 /* CollectionViewLayouts.swift in Sources */,
				441CEE07273A0832006C261F /* HomeRepository.swift in Sources */,
				0DD1631C27312AC700DC5970 /* DateHeader.swift in Sources */,
				1497CF572739215C00296F9E /* HomeCreateUsecase.swift in Sources */,
				E9753900273220F6004358C5 /* User.swift in Sources */,
				0DBBAA3C27341C3600B32EB5 /* ChallengeRecommendCell.swift in Sources */,
				E9797CA42730FFB500A14A0F /* AppCoordinator.swift in Sources */,
				E94B497227390FD300708D7B /* CategoryButton.swift in Sources */,
				E9797CC32731258A00A14A0F /* HomeViewModel.swift in Sources */,
				E9753909273257E5004358C5 /* HomeFetchUsecase.swift in Sources */,
				E9797CA02730FF9C00A14A0F /* RoutinusCoordinator.swift in Sources */,
				E9493DBF273A390F0095CF6D /* CategoryButtonTapGesture.swift in Sources */,
				441CEE19273A33DB006C261F /* CreateWeekView.swift in Sources */,
				E9797CA02730FF9C00A14A0F /* RoutinusCoordinator.swift in Sources */,
				1497CF442738FFA600296F9E /* RoutinusRepository.swift in Sources */,
				149411E4273A6314004BE485 /* CreateRepository.swift in Sources */,
				441CEDD327378EBF006C261F /* TodayRoutineView.swift in Sources */,
				E975390627325538004358C5 /* AchievementInfo.swift in Sources */,
				441CEE1B273A33FE006C261F /* CreateAuthMethodView.swift in Sources */,
				E9797CBD27310E1900A14A0F /* HomeCoordinator.swift in Sources */,
				0DD1632D2733729800DC5970 /* CalendarDelegate.swift in Sources */,
				14572CED273BF644007E6ECE /* CreateCoordinator.swift in Sources */,
				149411DC273A314B004BE485 /* CreateViewModel.swift in Sources */,
				E99474522736F4B30054A631 /* AuthCoordinator.swift in Sources */,
				44AAA3242733819B002E16C4 /* Date+Extensions.swift in Sources */,
				441CEE1D273A3434006C261F /* CreateAuthImageRegisterView.swift in Sources */,
				441CEE13273A334B006C261F /* CreateTitleView.swift in Sources */,
				441CEDD627379939006C261F /* CalendarView.swift in Sources */,
				149411E6273A64EC004BE485 /* ChallengeCreateUsecase.swift in Sources */,
				44AAA2B9272FDF8B002E16C4 /* HomeViewController.swift in Sources */,
				E9797CC127310E3300A14A0F /* MyPageCoordinator.swift in Sources */,
				44AAA2B5272FDF8B002E16C4 /* AppDelegate.swift in Sources */,
				441CEDD127378573006C261F /* ContinuityView.swift in Sources */,
				14FCD60B27311CF600626E74 /* RoutineCell.swift in Sources */,
				44AAA2B7272FDF8B002E16C4 /* SceneDelegate.swift in Sources */,
				0DD1631A27311F0200DC5970 /* DateCell.swift in Sources */,
				E9493DC1273A4E5B0095CF6D /* ChallengeRepository.swift in Sources */,
				E9797CA72731068300A14A0F /* ChallengeViewController.swift in Sources */,
				E94B4974273910F400708D7B /* ChallengeViewModel.swift in Sources */,
				E9797CB3273107BE00A14A0F /* CreateViewController.swift in Sources */,
				E9797CB3273107BE00A14A0F /* CreateViewController.swift in Sources */,
				E9797CAD2731074B00A14A0F /* ManageViewController.swift in Sources */,
				E94B49762739118B00708D7B /* Challenge.swift in Sources */,
				0DBBAA3D27341C3600B32EB5 /* ChallengeCategoryCell.swift in Sources */,
				0DC38F44273A3B9900331C25 /* SearchCoordinator.swift in Sources */,
				E9797CA22730FFAD00A14A0F /* TabBarCoordinator.swift in Sources */,
				441CEE17273A33CD006C261F /* CreateIntroductionView.swift in Sources */,
				E99474502736D54C0054A631 /* DetailCoordinator.swift in Sources */,
				E9797CBB27310E1000A14A0F /* ChallengeCoordinator.swift in Sources */,
				0DBBAA3E27341C3600B32EB5 /* ChallengeCollectionViewHeader.swift in Sources */,
				E9797CB92731094900A14A0F /* AuthViewController.swift in Sources */,
				E9797CB1273107A200A14A0F /* DetailViewController.swift in Sources */,
				1497CF4C2739078700296F9E /* UserNameFactory.swift in Sources */,
				44AAA2B7272FDF8B002E16C4 /* SceneDelegate.swift in Sources */,
				E9797CB6273107F700A14A0F /* SearchViewController.swift in Sources */,
				441CEE15273A33BE006C261F /* CreateImageRegisterView.swift in Sources */,
				E9797CAB2731073F00A14A0F /* MyPageViewController.swift in Sources */,
				44234F15273BB6C9004D6834 /* CreateSubviewDelegate.swift in Sources */,
				E9797CBF27310E2A00A14A0F /* ManageCoordinator.swift in Sources */,
			);
			runOnlyForDeploymentPostprocessing = 0;
		};
/* End PBXSourcesBuildPhase section */

/* Begin PBXTargetDependency section */
		441CEDE52738FF1E006C261F /* PBXTargetDependency */ = {
			isa = PBXTargetDependency;
			target = 441CEDDF2738FF1E006C261F /* RoutinusDatabase */;
			targetProxy = 441CEDE42738FF1E006C261F /* PBXContainerItemProxy */;
		};
/* End PBXTargetDependency section */

/* Begin PBXVariantGroup section */
		44AAA2BF272FDF8F002E16C4 /* LaunchScreen.storyboard */ = {
			isa = PBXVariantGroup;
			children = (
				44AAA2C0272FDF8F002E16C4 /* Base */,
			);
			name = LaunchScreen.storyboard;
			sourceTree = "<group>";
		};
/* End PBXVariantGroup section */

/* Begin XCBuildConfiguration section */
		441CEDE82738FF1E006C261F /* Debug */ = {
			isa = XCBuildConfiguration;
			buildSettings = {
				CODE_SIGN_STYLE = Automatic;
				CURRENT_PROJECT_VERSION = 1;
				DEFINES_MODULE = YES;
				DEVELOPMENT_TEAM = B3PWYBKFUK;
				DYLIB_COMPATIBILITY_VERSION = 1;
				DYLIB_CURRENT_VERSION = 1;
				DYLIB_INSTALL_NAME_BASE = "@rpath";
				GENERATE_INFOPLIST_FILE = YES;
				INFOPLIST_KEY_NSHumanReadableCopyright = "";
				INSTALL_PATH = "$(LOCAL_LIBRARY_DIR)/Frameworks";
				LD_RUNPATH_SEARCH_PATHS = (
					"$(inherited)",
					"@executable_path/Frameworks",
					"@loader_path/Frameworks",
				);
				MARKETING_VERSION = 1.0;
				PRODUCT_BUNDLE_IDENTIFIER = com.boostcamp.ios03.RoutinusDatabase;
				PRODUCT_NAME = "$(TARGET_NAME:c99extidentifier)";
				SKIP_INSTALL = YES;
				SWIFT_EMIT_LOC_STRINGS = YES;
				SWIFT_VERSION = 5.0;
				TARGETED_DEVICE_FAMILY = "1,2";
				VERSIONING_SYSTEM = "apple-generic";
				VERSION_INFO_PREFIX = "";
			};
			name = Debug;
		};
		441CEDE92738FF1E006C261F /* Release */ = {
			isa = XCBuildConfiguration;
			buildSettings = {
				CODE_SIGN_STYLE = Automatic;
				CURRENT_PROJECT_VERSION = 1;
				DEFINES_MODULE = YES;
				DEVELOPMENT_TEAM = B3PWYBKFUK;
				DYLIB_COMPATIBILITY_VERSION = 1;
				DYLIB_CURRENT_VERSION = 1;
				DYLIB_INSTALL_NAME_BASE = "@rpath";
				GENERATE_INFOPLIST_FILE = YES;
				INFOPLIST_KEY_NSHumanReadableCopyright = "";
				INSTALL_PATH = "$(LOCAL_LIBRARY_DIR)/Frameworks";
				LD_RUNPATH_SEARCH_PATHS = (
					"$(inherited)",
					"@executable_path/Frameworks",
					"@loader_path/Frameworks",
				);
				MARKETING_VERSION = 1.0;
				PRODUCT_BUNDLE_IDENTIFIER = com.boostcamp.ios03.RoutinusDatabase;
				PRODUCT_NAME = "$(TARGET_NAME:c99extidentifier)";
				SKIP_INSTALL = YES;
				SWIFT_EMIT_LOC_STRINGS = YES;
				SWIFT_VERSION = 5.0;
				TARGETED_DEVICE_FAMILY = "1,2";
				VERSIONING_SYSTEM = "apple-generic";
				VERSION_INFO_PREFIX = "";
			};
			name = Release;
		};
		44AAA2C3272FDF8F002E16C4 /* Debug */ = {
			isa = XCBuildConfiguration;
			buildSettings = {
				ALWAYS_SEARCH_USER_PATHS = NO;
				CLANG_ANALYZER_NONNULL = YES;
				CLANG_ANALYZER_NUMBER_OBJECT_CONVERSION = YES_AGGRESSIVE;
				CLANG_CXX_LANGUAGE_STANDARD = "gnu++17";
				CLANG_CXX_LIBRARY = "libc++";
				CLANG_ENABLE_MODULES = YES;
				CLANG_ENABLE_OBJC_ARC = YES;
				CLANG_ENABLE_OBJC_WEAK = YES;
				CLANG_WARN_BLOCK_CAPTURE_AUTORELEASING = YES;
				CLANG_WARN_BOOL_CONVERSION = YES;
				CLANG_WARN_COMMA = YES;
				CLANG_WARN_CONSTANT_CONVERSION = YES;
				CLANG_WARN_DEPRECATED_OBJC_IMPLEMENTATIONS = YES;
				CLANG_WARN_DIRECT_OBJC_ISA_USAGE = YES_ERROR;
				CLANG_WARN_DOCUMENTATION_COMMENTS = YES;
				CLANG_WARN_EMPTY_BODY = YES;
				CLANG_WARN_ENUM_CONVERSION = YES;
				CLANG_WARN_INFINITE_RECURSION = YES;
				CLANG_WARN_INT_CONVERSION = YES;
				CLANG_WARN_NON_LITERAL_NULL_CONVERSION = YES;
				CLANG_WARN_OBJC_IMPLICIT_RETAIN_SELF = YES;
				CLANG_WARN_OBJC_LITERAL_CONVERSION = YES;
				CLANG_WARN_OBJC_ROOT_CLASS = YES_ERROR;
				CLANG_WARN_QUOTED_INCLUDE_IN_FRAMEWORK_HEADER = YES;
				CLANG_WARN_RANGE_LOOP_ANALYSIS = YES;
				CLANG_WARN_STRICT_PROTOTYPES = YES;
				CLANG_WARN_SUSPICIOUS_MOVE = YES;
				CLANG_WARN_UNGUARDED_AVAILABILITY = YES_AGGRESSIVE;
				CLANG_WARN_UNREACHABLE_CODE = YES;
				CLANG_WARN__DUPLICATE_METHOD_MATCH = YES;
				COPY_PHASE_STRIP = NO;
				DEBUG_INFORMATION_FORMAT = dwarf;
				ENABLE_STRICT_OBJC_MSGSEND = YES;
				ENABLE_TESTABILITY = YES;
				GCC_C_LANGUAGE_STANDARD = gnu11;
				GCC_DYNAMIC_NO_PIC = NO;
				GCC_NO_COMMON_BLOCKS = YES;
				GCC_OPTIMIZATION_LEVEL = 0;
				GCC_PREPROCESSOR_DEFINITIONS = (
					"DEBUG=1",
					"$(inherited)",
				);
				GCC_WARN_64_TO_32_BIT_CONVERSION = YES;
				GCC_WARN_ABOUT_RETURN_TYPE = YES_ERROR;
				GCC_WARN_UNDECLARED_SELECTOR = YES;
				GCC_WARN_UNINITIALIZED_AUTOS = YES_AGGRESSIVE;
				GCC_WARN_UNUSED_FUNCTION = YES;
				GCC_WARN_UNUSED_VARIABLE = YES;
				IPHONEOS_DEPLOYMENT_TARGET = 15.0;
				MTL_ENABLE_DEBUG_INFO = INCLUDE_SOURCE;
				MTL_FAST_MATH = YES;
				ONLY_ACTIVE_ARCH = YES;
				SDKROOT = iphoneos;
				SWIFT_ACTIVE_COMPILATION_CONDITIONS = DEBUG;
				SWIFT_OPTIMIZATION_LEVEL = "-Onone";
			};
			name = Debug;
		};
		44AAA2C4272FDF8F002E16C4 /* Release */ = {
			isa = XCBuildConfiguration;
			buildSettings = {
				ALWAYS_SEARCH_USER_PATHS = NO;
				CLANG_ANALYZER_NONNULL = YES;
				CLANG_ANALYZER_NUMBER_OBJECT_CONVERSION = YES_AGGRESSIVE;
				CLANG_CXX_LANGUAGE_STANDARD = "gnu++17";
				CLANG_CXX_LIBRARY = "libc++";
				CLANG_ENABLE_MODULES = YES;
				CLANG_ENABLE_OBJC_ARC = YES;
				CLANG_ENABLE_OBJC_WEAK = YES;
				CLANG_WARN_BLOCK_CAPTURE_AUTORELEASING = YES;
				CLANG_WARN_BOOL_CONVERSION = YES;
				CLANG_WARN_COMMA = YES;
				CLANG_WARN_CONSTANT_CONVERSION = YES;
				CLANG_WARN_DEPRECATED_OBJC_IMPLEMENTATIONS = YES;
				CLANG_WARN_DIRECT_OBJC_ISA_USAGE = YES_ERROR;
				CLANG_WARN_DOCUMENTATION_COMMENTS = YES;
				CLANG_WARN_EMPTY_BODY = YES;
				CLANG_WARN_ENUM_CONVERSION = YES;
				CLANG_WARN_INFINITE_RECURSION = YES;
				CLANG_WARN_INT_CONVERSION = YES;
				CLANG_WARN_NON_LITERAL_NULL_CONVERSION = YES;
				CLANG_WARN_OBJC_IMPLICIT_RETAIN_SELF = YES;
				CLANG_WARN_OBJC_LITERAL_CONVERSION = YES;
				CLANG_WARN_OBJC_ROOT_CLASS = YES_ERROR;
				CLANG_WARN_QUOTED_INCLUDE_IN_FRAMEWORK_HEADER = YES;
				CLANG_WARN_RANGE_LOOP_ANALYSIS = YES;
				CLANG_WARN_STRICT_PROTOTYPES = YES;
				CLANG_WARN_SUSPICIOUS_MOVE = YES;
				CLANG_WARN_UNGUARDED_AVAILABILITY = YES_AGGRESSIVE;
				CLANG_WARN_UNREACHABLE_CODE = YES;
				CLANG_WARN__DUPLICATE_METHOD_MATCH = YES;
				COPY_PHASE_STRIP = NO;
				DEBUG_INFORMATION_FORMAT = "dwarf-with-dsym";
				ENABLE_NS_ASSERTIONS = NO;
				ENABLE_STRICT_OBJC_MSGSEND = YES;
				GCC_C_LANGUAGE_STANDARD = gnu11;
				GCC_NO_COMMON_BLOCKS = YES;
				GCC_WARN_64_TO_32_BIT_CONVERSION = YES;
				GCC_WARN_ABOUT_RETURN_TYPE = YES_ERROR;
				GCC_WARN_UNDECLARED_SELECTOR = YES;
				GCC_WARN_UNINITIALIZED_AUTOS = YES_AGGRESSIVE;
				GCC_WARN_UNUSED_FUNCTION = YES;
				GCC_WARN_UNUSED_VARIABLE = YES;
				IPHONEOS_DEPLOYMENT_TARGET = 15.0;
				MTL_ENABLE_DEBUG_INFO = NO;
				MTL_FAST_MATH = YES;
				SDKROOT = iphoneos;
				SWIFT_COMPILATION_MODE = wholemodule;
				SWIFT_OPTIMIZATION_LEVEL = "-O";
				VALIDATE_PRODUCT = YES;
			};
			name = Release;
		};
		44AAA2C6272FDF8F002E16C4 /* Debug */ = {
			isa = XCBuildConfiguration;
			baseConfigurationReference = 2813D98BB29BFEBCA9A154AE /* Pods-Routinus.debug.xcconfig */;
			buildSettings = {
				ALWAYS_EMBED_SWIFT_STANDARD_LIBRARIES = YES;
				ASSETCATALOG_COMPILER_APPICON_NAME = AppIcon;
				ASSETCATALOG_COMPILER_GLOBAL_ACCENT_COLOR_NAME = AccentColor;
				CODE_SIGN_STYLE = Automatic;
				CURRENT_PROJECT_VERSION = 1;
				DEVELOPMENT_TEAM = B3PWYBKFUK;
				GENERATE_INFOPLIST_FILE = YES;
				INFOPLIST_FILE = Routinus/Resources/Info.plist;
				INFOPLIST_KEY_UIApplicationSupportsIndirectInputEvents = YES;
				INFOPLIST_KEY_UILaunchStoryboardName = LaunchScreen;
				INFOPLIST_KEY_UISupportedInterfaceOrientations_iPad = "UIInterfaceOrientationPortrait UIInterfaceOrientationPortraitUpsideDown UIInterfaceOrientationLandscapeLeft UIInterfaceOrientationLandscapeRight";
				INFOPLIST_KEY_UISupportedInterfaceOrientations_iPhone = "UIInterfaceOrientationPortrait UIInterfaceOrientationLandscapeLeft UIInterfaceOrientationLandscapeRight";
				LD_RUNPATH_SEARCH_PATHS = (
					"$(inherited)",
					"@executable_path/Frameworks",
				);
				MARKETING_VERSION = 1.0;
				PRODUCT_BUNDLE_IDENTIFIER = com.boostcamp.ios03.Routinus;
				PRODUCT_NAME = "$(TARGET_NAME)";
				SWIFT_EMIT_LOC_STRINGS = YES;
				SWIFT_VERSION = 5.0;
				TARGETED_DEVICE_FAMILY = "1,2";
			};
			name = Debug;
		};
		44AAA2C7272FDF8F002E16C4 /* Release */ = {
			isa = XCBuildConfiguration;
			baseConfigurationReference = 21D4AB5FB6AB0717E5C7402C /* Pods-Routinus.release.xcconfig */;
			buildSettings = {
				ALWAYS_EMBED_SWIFT_STANDARD_LIBRARIES = YES;
				ASSETCATALOG_COMPILER_APPICON_NAME = AppIcon;
				ASSETCATALOG_COMPILER_GLOBAL_ACCENT_COLOR_NAME = AccentColor;
				CODE_SIGN_STYLE = Automatic;
				CURRENT_PROJECT_VERSION = 1;
				DEVELOPMENT_TEAM = B3PWYBKFUK;
				GENERATE_INFOPLIST_FILE = YES;
				INFOPLIST_FILE = Routinus/Resources/Info.plist;
				INFOPLIST_KEY_UIApplicationSupportsIndirectInputEvents = YES;
				INFOPLIST_KEY_UILaunchStoryboardName = LaunchScreen;
				INFOPLIST_KEY_UISupportedInterfaceOrientations_iPad = "UIInterfaceOrientationPortrait UIInterfaceOrientationPortraitUpsideDown UIInterfaceOrientationLandscapeLeft UIInterfaceOrientationLandscapeRight";
				INFOPLIST_KEY_UISupportedInterfaceOrientations_iPhone = "UIInterfaceOrientationPortrait UIInterfaceOrientationLandscapeLeft UIInterfaceOrientationLandscapeRight";
				LD_RUNPATH_SEARCH_PATHS = (
					"$(inherited)",
					"@executable_path/Frameworks",
				);
				MARKETING_VERSION = 1.0;
				PRODUCT_BUNDLE_IDENTIFIER = com.boostcamp.ios03.Routinus;
				PRODUCT_NAME = "$(TARGET_NAME)";
				SWIFT_EMIT_LOC_STRINGS = YES;
				SWIFT_VERSION = 5.0;
				TARGETED_DEVICE_FAMILY = "1,2";
			};
			name = Release;
		};
/* End XCBuildConfiguration section */

/* Begin XCConfigurationList section */
		441CEDEA2738FF1E006C261F /* Build configuration list for PBXNativeTarget "RoutinusDatabase" */ = {
			isa = XCConfigurationList;
			buildConfigurations = (
				441CEDE82738FF1E006C261F /* Debug */,
				441CEDE92738FF1E006C261F /* Release */,
			);
			defaultConfigurationIsVisible = 0;
			defaultConfigurationName = Release;
		};
		44AAA2AC272FDF8A002E16C4 /* Build configuration list for PBXProject "Routinus" */ = {
			isa = XCConfigurationList;
			buildConfigurations = (
				44AAA2C3272FDF8F002E16C4 /* Debug */,
				44AAA2C4272FDF8F002E16C4 /* Release */,
			);
			defaultConfigurationIsVisible = 0;
			defaultConfigurationName = Release;
		};
		44AAA2C5272FDF8F002E16C4 /* Build configuration list for PBXNativeTarget "Routinus" */ = {
			isa = XCConfigurationList;
			buildConfigurations = (
				44AAA2C6272FDF8F002E16C4 /* Debug */,
				44AAA2C7272FDF8F002E16C4 /* Release */,
			);
			defaultConfigurationIsVisible = 0;
			defaultConfigurationName = Release;
		};
/* End XCConfigurationList section */

/* Begin XCRemoteSwiftPackageReference section */
		0DD1631627311ECA00DC5970 /* XCRemoteSwiftPackageReference "JTAppleCalendar" */ = {
			isa = XCRemoteSwiftPackageReference;
			repositoryURL = "https://github.com/patchthecode/JTAppleCalendar";
			requirement = {
				kind = exactVersion;
				version = 8.0.3;
			};
		};
		44AAA304273120EB002E16C4 /* XCRemoteSwiftPackageReference "firebase-ios-sdk" */ = {
			isa = XCRemoteSwiftPackageReference;
			repositoryURL = "https://github.com/firebase/firebase-ios-sdk.git";
			requirement = {
				kind = exactVersion;
				version = 8.9.1;
			};
		};
/* End XCRemoteSwiftPackageReference section */

/* Begin XCSwiftPackageProductDependency section */
		441CEDEC27390196006C261F /* FirebaseFirestore */ = {
			isa = XCSwiftPackageProductDependency;
			package = 44AAA304273120EB002E16C4 /* XCRemoteSwiftPackageReference "firebase-ios-sdk" */;
			productName = FirebaseFirestore;
		};
		44AAA3202732A049002E16C4 /* JTAppleCalendar */ = {
			isa = XCSwiftPackageProductDependency;
			package = 0DD1631627311ECA00DC5970 /* XCRemoteSwiftPackageReference "JTAppleCalendar" */;
			productName = JTAppleCalendar;
		};
/* End XCSwiftPackageProductDependency section */
	};
	rootObject = 44AAA2A9272FDF8A002E16C4 /* Project object */;
}
